
Microsoft Visual Studio Solution File, Format Version 12.00
# Visual Studio Version 16
VisualStudioVersion = 16.0.28621.142
MinimumVisualStudioVersion = 10.0.40219.1
Project("{FAE04EC0-301F-11D3-BF4B-00C04F79EFBC}") = "ReSharper20191CSharp", "ReSharper20191CSharp\ReSharper20191CSharp.csproj", "{7D04EA4A-5216-46CE-A860-5C4B90CC1FA8}"
EndProject
Global
	GlobalSection(SolutionConfigurationPlatforms) = preSolution
		Debug|Any CPU = Debug|Any CPU
		Release|Any CPU = Release|Any CPU
	EndGlobalSection
	GlobalSection(ProjectConfigurationPlatforms) = postSolution
		{7D04EA4A-5216-46CE-A860-5C4B90CC1FA8}.Debug|Any CPU.ActiveCfg = Debug|Any CPU
		{7D04EA4A-5216-46CE-A860-5C4B90CC1FA8}.Debug|Any CPU.Build.0 = Debug|Any CPU
		{7D04EA4A-5216-46CE-A860-5C4B90CC1FA8}.Release|Any CPU.ActiveCfg = Release|Any CPU
		{7D04EA4A-5216-46CE-A860-5C4B90CC1FA8}.Release|Any CPU.Build.0 = Release|Any CPU
	EndGlobalSection
	GlobalSection(SolutionProperties) = preSolution
		HideSolutionNode = FALSE
	EndGlobalSection
	GlobalSection(ExtensibilityGlobals) = postSolution
		SolutionGuid = {336CDAF9-2901-49FE-98FC-4B889F5CD853}
	EndGlobalSection
EndGlobal
