Microsoft Visual Studio Solution File, Format Version 12.00
# Visual Studio 15
VisualStudioVersion = 15.0.26430.16
MinimumVisualStudioVersion = 10.0.40219.1
Project("{FAE04EC0-301F-11D3-BF4B-00C04F79EFBC}") = "ReSharper101CSharp", "ReSharper101CSharp\ReSharper101CSharp.csproj", "{12A1F12D-9879-4301-BD7D-766399745BA7}"
EndProject
Project("{2150E333-8FDC-42A3-9474-1A3956D46DE8}") = "ReSharper 10.1", "ReSharper 10.1", "{A67D8224-EC2A-4A79-AE19-3778AAF4FC6E}"
EndProject
Project("{FAE04EC0-301F-11D3-BF4B-00C04F79EFBC}") = "ReSharper101WCF", "ReSharper101WCF\ReSharper101WCF.csproj", "{BBFC928C-0760-465C-A4D5-998804FBB4C3}"
EndProject
Project("{8BC9CEB8-8B4A-11D0-8D11-00A0C91BC942}") = "ReSharper101Cpp", "ReSharper101Cpp\ReSharper101Cpp.vcxproj", "{8DFE18D5-AE3B-4831-A31E-2DDF487FBEDF}"
EndProject
Project("{FAE04EC0-301F-11D3-BF4B-00C04F79EFBC}") = "ReSharper101TypeScript", "ReSharper101TypeScript\ReSharper101TypeScript.csproj", "{3D176C36-80F8-431C-943A-83482C5159EB}"
EndProject
Project("{9092AA53-FB77-4645-B42D-1CCCA6BD08BD}") = "ReSharper101NodeJsExpress", "ReSharper101NodeJsExpress\ReSharper101NodeJsExpress.njsproj", "{F943F566-0922-4709-9EE9-EF3FD7EEC085}"
EndProject
Project("{2150E333-8FDC-42A3-9474-1A3956D46DE8}") = "Common", "Common", "{E6E23D78-5D0F-4054-9A1E-FAD68834A6DA}"
	ProjectSection(SolutionItems) = preProject
		README.md = README.md
	EndProjectSection
EndProject
Project("{2150E333-8FDC-42A3-9474-1A3956D46DE8}") = "ReSharper 2016.2", "ReSharper 2016.2", "{4045B2E8-62E0-4500-8956-D858D9F0FF8D}"
EndProject
Project("{FAE04EC0-301F-11D3-BF4B-00C04F79EFBC}") = "ReSharper20162CSharp", "ReSharper20162CSharp\ReSharper20162CSharp.csproj", "{46246534-5709-4258-AC68-448176331AF7}"
EndProject
Project("{FAE04EC0-301F-11D3-BF4B-00C04F79EFBC}") = "ReSharper20162TS-JS", "ReSharper20162TS-JS\ReSharper20162TS-JS.csproj", "{EB8D4A8E-B80D-4526-8ADB-E48C44197FE2}"
EndProject
Project("{F184B08F-C81C-45F6-A57F-5ABD9991F28F}") = "ReSharper20162VB", "ReSharper20162VB\ReSharper20162VB.vbproj", "{2F6DF7AD-A7F8-48B9-9B9C-B46E962613A1}"
EndProject
Project("{8BC9CEB8-8B4A-11D0-8D11-00A0C91BC942}") = "ReSharper20162Cpp", "ReSharper20162Cpp\ReSharper20162Cpp.vcxproj", "{45BCDFE6-DA84-4121-9A4D-690C5CBDD2E5}"
EndProject
Project("{2150E333-8FDC-42A3-9474-1A3956D46DE8}") = "ReSharper 2016.3", "ReSharper 2016.3", "{7AB1DD12-79DF-4085-AD6F-D0039B58888D}"
EndProject
Project("{FAE04EC0-301F-11D3-BF4B-00C04F79EFBC}") = "TypeScript2016.3", "TypeScript2016.3\TypeScript2016.3.csproj", "{CAD2BE75-8EE7-4863-8F9C-0EF5BD8F37BA}"
EndProject
Project("{8BC9CEB8-8B4A-11D0-8D11-00A0C91BC942}") = "ReSharper20163Cpp", "ReSharper20163Cpp\ReSharper20163Cpp.vcxproj", "{F116A63F-8A07-42E1-AB29-0225839715D1}"
EndProject
Project("{FAE04EC0-301F-11D3-BF4B-00C04F79EFBC}") = "ReSharper20163CSharp", "ReSharper20163CSharp\ReSharper20163CSharp.csproj", "{62777208-30EB-412A-8E26-19A1D7F4F0C3}"
EndProject
Project("{FAE04EC0-301F-11D3-BF4B-00C04F79EFBC}") = "DotCover20163ContinuousTesting", "DotCover20163ContinuousTesting\DotCover20163ContinuousTesting.csproj", "{4CC1FE67-1D3D-4B19-AF18-235AAB82C889}"
EndProject
Project("{FAE04EC0-301F-11D3-BF4B-00C04F79EFBC}") = "DotCover20163ContinuousTesting.Facts", "DotCover20163ContinuousTesting.Facts\DotCover20163ContinuousTesting.Facts.csproj", "{79EC5F4B-339E-41C8-9CD1-7A3C2AE39A4B}"
EndProject
Project("{2150E333-8FDC-42A3-9474-1A3956D46DE8}") = "ReSharper 2017.1", "ReSharper 2017.1", "{B94D1A3F-35FF-4365-AE9F-144B5294440C}"
EndProject
Project("{FAE04EC0-301F-11D3-BF4B-00C04F79EFBC}") = "ReSharper20171CSharp", "ReSharper20171CSharp\ReSharper20171CSharp.csproj", "{AEABB0B1-A523-4E53-8302-2389CA4B1B36}"
EndProject
Project("{8BC9CEB8-8B4A-11D0-8D11-00A0C91BC942}") = "ReSharper20171Cpp", "ReSharper20171Cpp\ReSharper20171Cpp.vcxproj", "{5217DEEC-8F0B-4C9D-90AB-977DB668FC04}"
EndProject
Project("{FAE04EC0-301F-11D3-BF4B-00C04F79EFBC}") = "ReSharper20171EditorConfig", "ReSharper20171EditorConfig\ReSharper20171EditorConfig.csproj", "{FE54A8EF-760D-4406-99E3-C5ED664A85DF}"
EndProject
Project("{FAE04EC0-301F-11D3-BF4B-00C04F79EFBC}") = "ReSharper20171Web", "ReSharper20171Web\ReSharper20171Web.csproj", "{67938277-6B25-40E0-977D-7C34B9031923}"
EndProject
Project("{9A19103F-16F7-4668-BE54-9A1E7A4F7556}") = "ReSharper20163DotNetCoreTesting", "ReSharper2063DotNetCoreTesting\ReSharper20163DotNetCoreTesting.csproj", "{05183826-A792-4C69-82F3-30B10F60977E}"
EndProject
Project("{FAE04EC0-301F-11D3-BF4B-00C04F79EFBC}") = "ReSharper20163LanguageInjections", "ReSharper20163LanguageInjections\ReSharper20163LanguageInjections.csproj", "{53B82718-2D8D-4298-BA3C-58F1B190CD30}"
EndProject
Project("{2150E333-8FDC-42A3-9474-1A3956D46DE8}") = "ReSharper 2017.2", "ReSharper 2017.2", "{2D97F5C5-C02F-4A5C-9817-2908F01A162F}"
EndProject
Project("{FAE04EC0-301F-11D3-BF4B-00C04F79EFBC}") = "ReSharper20172CSharp", "ReSharper20172CSharp\ReSharper20172CSharp.csproj", "{6A9EB722-2907-44A7-A556-B99A1704EA50}"
EndProject
Project("{FAE04EC0-301F-11D3-BF4B-00C04F79EFBC}") = "ReSharper20172TypeScript", "ReSharper20172TypeScript\ReSharper20172TypeScript.csproj", "{B7428BFE-9AC1-474D-BF58-0CFE1FB5BC9E}"
EndProject
Project("{8BC9CEB8-8B4A-11D0-8D11-00A0C91BC942}") = "ReSharper20172Cpp", "ReSharper20172Cpp\ReSharper20172Cpp.vcxproj", "{9F0DC299-BC23-4FDF-B5F1-B04662811047}"
EndProject
Global
	GlobalSection(SolutionConfigurationPlatforms) = preSolution
		Debug|Any CPU = Debug|Any CPU
		Debug|ARM = Debug|ARM
		Debug|Mixed Platforms = Debug|Mixed Platforms
		Debug|x64 = Debug|x64
		Debug|x86 = Debug|x86
		Release|Any CPU = Release|Any CPU
		Release|ARM = Release|ARM
		Release|Mixed Platforms = Release|Mixed Platforms
		Release|x64 = Release|x64
		Release|x86 = Release|x86
	EndGlobalSection
	GlobalSection(ProjectConfigurationPlatforms) = postSolution
		{12A1F12D-9879-4301-BD7D-766399745BA7}.Debug|Any CPU.ActiveCfg = Debug|Any CPU
		{12A1F12D-9879-4301-BD7D-766399745BA7}.Debug|Any CPU.Build.0 = Debug|Any CPU
		{12A1F12D-9879-4301-BD7D-766399745BA7}.Debug|ARM.ActiveCfg = Debug|Any CPU
		{12A1F12D-9879-4301-BD7D-766399745BA7}.Debug|ARM.Build.0 = Debug|Any CPU
		{12A1F12D-9879-4301-BD7D-766399745BA7}.Debug|Mixed Platforms.ActiveCfg = Debug|Any CPU
		{12A1F12D-9879-4301-BD7D-766399745BA7}.Debug|Mixed Platforms.Build.0 = Debug|Any CPU
		{12A1F12D-9879-4301-BD7D-766399745BA7}.Debug|x64.ActiveCfg = Debug|Any CPU
		{12A1F12D-9879-4301-BD7D-766399745BA7}.Debug|x64.Build.0 = Debug|Any CPU
		{12A1F12D-9879-4301-BD7D-766399745BA7}.Debug|x86.ActiveCfg = Debug|Any CPU
		{12A1F12D-9879-4301-BD7D-766399745BA7}.Debug|x86.Build.0 = Debug|Any CPU
		{12A1F12D-9879-4301-BD7D-766399745BA7}.Release|Any CPU.ActiveCfg = Release|Any CPU
		{12A1F12D-9879-4301-BD7D-766399745BA7}.Release|Any CPU.Build.0 = Release|Any CPU
		{12A1F12D-9879-4301-BD7D-766399745BA7}.Release|ARM.ActiveCfg = Release|Any CPU
		{12A1F12D-9879-4301-BD7D-766399745BA7}.Release|ARM.Build.0 = Release|Any CPU
		{12A1F12D-9879-4301-BD7D-766399745BA7}.Release|Mixed Platforms.ActiveCfg = Release|Any CPU
		{12A1F12D-9879-4301-BD7D-766399745BA7}.Release|Mixed Platforms.Build.0 = Release|Any CPU
		{12A1F12D-9879-4301-BD7D-766399745BA7}.Release|x64.ActiveCfg = Release|Any CPU
		{12A1F12D-9879-4301-BD7D-766399745BA7}.Release|x64.Build.0 = Release|Any CPU
		{12A1F12D-9879-4301-BD7D-766399745BA7}.Release|x86.ActiveCfg = Release|Any CPU
		{12A1F12D-9879-4301-BD7D-766399745BA7}.Release|x86.Build.0 = Release|Any CPU
		{BBFC928C-0760-465C-A4D5-998804FBB4C3}.Debug|Any CPU.ActiveCfg = Debug|Any CPU
		{BBFC928C-0760-465C-A4D5-998804FBB4C3}.Debug|Any CPU.Build.0 = Debug|Any CPU
		{BBFC928C-0760-465C-A4D5-998804FBB4C3}.Debug|ARM.ActiveCfg = Debug|Any CPU
		{BBFC928C-0760-465C-A4D5-998804FBB4C3}.Debug|ARM.Build.0 = Debug|Any CPU
		{BBFC928C-0760-465C-A4D5-998804FBB4C3}.Debug|Mixed Platforms.ActiveCfg = Debug|Any CPU
		{BBFC928C-0760-465C-A4D5-998804FBB4C3}.Debug|Mixed Platforms.Build.0 = Debug|Any CPU
		{BBFC928C-0760-465C-A4D5-998804FBB4C3}.Debug|x64.ActiveCfg = Debug|Any CPU
		{BBFC928C-0760-465C-A4D5-998804FBB4C3}.Debug|x64.Build.0 = Debug|Any CPU
		{BBFC928C-0760-465C-A4D5-998804FBB4C3}.Debug|x86.ActiveCfg = Debug|Any CPU
		{BBFC928C-0760-465C-A4D5-998804FBB4C3}.Debug|x86.Build.0 = Debug|Any CPU
		{BBFC928C-0760-465C-A4D5-998804FBB4C3}.Release|Any CPU.ActiveCfg = Release|Any CPU
		{BBFC928C-0760-465C-A4D5-998804FBB4C3}.Release|Any CPU.Build.0 = Release|Any CPU
		{BBFC928C-0760-465C-A4D5-998804FBB4C3}.Release|ARM.ActiveCfg = Release|Any CPU
		{BBFC928C-0760-465C-A4D5-998804FBB4C3}.Release|ARM.Build.0 = Release|Any CPU
		{BBFC928C-0760-465C-A4D5-998804FBB4C3}.Release|Mixed Platforms.ActiveCfg = Release|Any CPU
		{BBFC928C-0760-465C-A4D5-998804FBB4C3}.Release|Mixed Platforms.Build.0 = Release|Any CPU
		{BBFC928C-0760-465C-A4D5-998804FBB4C3}.Release|x64.ActiveCfg = Release|Any CPU
		{BBFC928C-0760-465C-A4D5-998804FBB4C3}.Release|x64.Build.0 = Release|Any CPU
		{BBFC928C-0760-465C-A4D5-998804FBB4C3}.Release|x86.ActiveCfg = Release|Any CPU
		{BBFC928C-0760-465C-A4D5-998804FBB4C3}.Release|x86.Build.0 = Release|Any CPU
		{8DFE18D5-AE3B-4831-A31E-2DDF487FBEDF}.Debug|Any CPU.ActiveCfg = Debug|Win32
		{8DFE18D5-AE3B-4831-A31E-2DDF487FBEDF}.Debug|ARM.ActiveCfg = Debug|Win32
		{8DFE18D5-AE3B-4831-A31E-2DDF487FBEDF}.Debug|Mixed Platforms.ActiveCfg = Debug|Win32
		{8DFE18D5-AE3B-4831-A31E-2DDF487FBEDF}.Debug|Mixed Platforms.Build.0 = Debug|Win32
		{8DFE18D5-AE3B-4831-A31E-2DDF487FBEDF}.Debug|x64.ActiveCfg = Debug|x64
		{8DFE18D5-AE3B-4831-A31E-2DDF487FBEDF}.Debug|x64.Build.0 = Debug|x64
		{8DFE18D5-AE3B-4831-A31E-2DDF487FBEDF}.Debug|x86.ActiveCfg = Debug|Win32
		{8DFE18D5-AE3B-4831-A31E-2DDF487FBEDF}.Debug|x86.Build.0 = Debug|Win32
		{8DFE18D5-AE3B-4831-A31E-2DDF487FBEDF}.Release|Any CPU.ActiveCfg = Release|Win32
		{8DFE18D5-AE3B-4831-A31E-2DDF487FBEDF}.Release|ARM.ActiveCfg = Release|Win32
		{8DFE18D5-AE3B-4831-A31E-2DDF487FBEDF}.Release|Mixed Platforms.ActiveCfg = Release|Win32
		{8DFE18D5-AE3B-4831-A31E-2DDF487FBEDF}.Release|Mixed Platforms.Build.0 = Release|Win32
		{8DFE18D5-AE3B-4831-A31E-2DDF487FBEDF}.Release|x64.ActiveCfg = Release|x64
		{8DFE18D5-AE3B-4831-A31E-2DDF487FBEDF}.Release|x64.Build.0 = Release|x64
		{8DFE18D5-AE3B-4831-A31E-2DDF487FBEDF}.Release|x86.ActiveCfg = Release|Win32
		{8DFE18D5-AE3B-4831-A31E-2DDF487FBEDF}.Release|x86.Build.0 = Release|Win32
		{3D176C36-80F8-431C-943A-83482C5159EB}.Debug|Any CPU.ActiveCfg = Debug|Any CPU
		{3D176C36-80F8-431C-943A-83482C5159EB}.Debug|Any CPU.Build.0 = Debug|Any CPU
		{3D176C36-80F8-431C-943A-83482C5159EB}.Debug|ARM.ActiveCfg = Debug|Any CPU
		{3D176C36-80F8-431C-943A-83482C5159EB}.Debug|ARM.Build.0 = Debug|Any CPU
		{3D176C36-80F8-431C-943A-83482C5159EB}.Debug|Mixed Platforms.ActiveCfg = Debug|Any CPU
		{3D176C36-80F8-431C-943A-83482C5159EB}.Debug|Mixed Platforms.Build.0 = Debug|Any CPU
		{3D176C36-80F8-431C-943A-83482C5159EB}.Debug|x64.ActiveCfg = Debug|Any CPU
		{3D176C36-80F8-431C-943A-83482C5159EB}.Debug|x64.Build.0 = Debug|Any CPU
		{3D176C36-80F8-431C-943A-83482C5159EB}.Debug|x86.ActiveCfg = Debug|Any CPU
		{3D176C36-80F8-431C-943A-83482C5159EB}.Debug|x86.Build.0 = Debug|Any CPU
		{3D176C36-80F8-431C-943A-83482C5159EB}.Release|Any CPU.ActiveCfg = Release|Any CPU
		{3D176C36-80F8-431C-943A-83482C5159EB}.Release|Any CPU.Build.0 = Release|Any CPU
		{3D176C36-80F8-431C-943A-83482C5159EB}.Release|ARM.ActiveCfg = Release|Any CPU
		{3D176C36-80F8-431C-943A-83482C5159EB}.Release|ARM.Build.0 = Release|Any CPU
		{3D176C36-80F8-431C-943A-83482C5159EB}.Release|Mixed Platforms.ActiveCfg = Release|Any CPU
		{3D176C36-80F8-431C-943A-83482C5159EB}.Release|Mixed Platforms.Build.0 = Release|Any CPU
		{3D176C36-80F8-431C-943A-83482C5159EB}.Release|x64.ActiveCfg = Release|Any CPU
		{3D176C36-80F8-431C-943A-83482C5159EB}.Release|x64.Build.0 = Release|Any CPU
		{3D176C36-80F8-431C-943A-83482C5159EB}.Release|x86.ActiveCfg = Release|Any CPU
		{3D176C36-80F8-431C-943A-83482C5159EB}.Release|x86.Build.0 = Release|Any CPU
		{F943F566-0922-4709-9EE9-EF3FD7EEC085}.Debug|Any CPU.ActiveCfg = Debug|Any CPU
		{F943F566-0922-4709-9EE9-EF3FD7EEC085}.Debug|Any CPU.Build.0 = Debug|Any CPU
		{F943F566-0922-4709-9EE9-EF3FD7EEC085}.Debug|ARM.ActiveCfg = Debug|Any CPU
		{F943F566-0922-4709-9EE9-EF3FD7EEC085}.Debug|ARM.Build.0 = Debug|Any CPU
		{F943F566-0922-4709-9EE9-EF3FD7EEC085}.Debug|Mixed Platforms.ActiveCfg = Debug|Any CPU
		{F943F566-0922-4709-9EE9-EF3FD7EEC085}.Debug|x64.ActiveCfg = Debug|Any CPU
		{F943F566-0922-4709-9EE9-EF3FD7EEC085}.Debug|x64.Build.0 = Debug|Any CPU
		{F943F566-0922-4709-9EE9-EF3FD7EEC085}.Debug|x86.ActiveCfg = Debug|Any CPU
		{F943F566-0922-4709-9EE9-EF3FD7EEC085}.Debug|x86.Build.0 = Debug|Any CPU
		{F943F566-0922-4709-9EE9-EF3FD7EEC085}.Release|Any CPU.ActiveCfg = Release|Any CPU
		{F943F566-0922-4709-9EE9-EF3FD7EEC085}.Release|Any CPU.Build.0 = Release|Any CPU
		{F943F566-0922-4709-9EE9-EF3FD7EEC085}.Release|ARM.ActiveCfg = Release|Any CPU
		{F943F566-0922-4709-9EE9-EF3FD7EEC085}.Release|ARM.Build.0 = Release|Any CPU
		{F943F566-0922-4709-9EE9-EF3FD7EEC085}.Release|Mixed Platforms.ActiveCfg = Release|Any CPU
		{F943F566-0922-4709-9EE9-EF3FD7EEC085}.Release|x64.ActiveCfg = Release|Any CPU
		{F943F566-0922-4709-9EE9-EF3FD7EEC085}.Release|x64.Build.0 = Release|Any CPU
		{F943F566-0922-4709-9EE9-EF3FD7EEC085}.Release|x86.ActiveCfg = Release|Any CPU
		{F943F566-0922-4709-9EE9-EF3FD7EEC085}.Release|x86.Build.0 = Release|Any CPU
		{46246534-5709-4258-AC68-448176331AF7}.Debug|Any CPU.ActiveCfg = Debug|Any CPU
		{46246534-5709-4258-AC68-448176331AF7}.Debug|Any CPU.Build.0 = Debug|Any CPU
		{46246534-5709-4258-AC68-448176331AF7}.Debug|ARM.ActiveCfg = Debug|Any CPU
		{46246534-5709-4258-AC68-448176331AF7}.Debug|ARM.Build.0 = Debug|Any CPU
		{46246534-5709-4258-AC68-448176331AF7}.Debug|Mixed Platforms.ActiveCfg = Debug|Any CPU
		{46246534-5709-4258-AC68-448176331AF7}.Debug|Mixed Platforms.Build.0 = Debug|Any CPU
		{46246534-5709-4258-AC68-448176331AF7}.Debug|x64.ActiveCfg = Debug|Any CPU
		{46246534-5709-4258-AC68-448176331AF7}.Debug|x64.Build.0 = Debug|Any CPU
		{46246534-5709-4258-AC68-448176331AF7}.Debug|x86.ActiveCfg = Debug|Any CPU
		{46246534-5709-4258-AC68-448176331AF7}.Debug|x86.Build.0 = Debug|Any CPU
		{46246534-5709-4258-AC68-448176331AF7}.Release|Any CPU.ActiveCfg = Release|Any CPU
		{46246534-5709-4258-AC68-448176331AF7}.Release|Any CPU.Build.0 = Release|Any CPU
		{46246534-5709-4258-AC68-448176331AF7}.Release|ARM.ActiveCfg = Release|Any CPU
		{46246534-5709-4258-AC68-448176331AF7}.Release|ARM.Build.0 = Release|Any CPU
		{46246534-5709-4258-AC68-448176331AF7}.Release|Mixed Platforms.ActiveCfg = Release|Any CPU
		{46246534-5709-4258-AC68-448176331AF7}.Release|Mixed Platforms.Build.0 = Release|Any CPU
		{46246534-5709-4258-AC68-448176331AF7}.Release|x64.ActiveCfg = Release|Any CPU
		{46246534-5709-4258-AC68-448176331AF7}.Release|x64.Build.0 = Release|Any CPU
		{46246534-5709-4258-AC68-448176331AF7}.Release|x86.ActiveCfg = Release|Any CPU
		{46246534-5709-4258-AC68-448176331AF7}.Release|x86.Build.0 = Release|Any CPU
		{EB8D4A8E-B80D-4526-8ADB-E48C44197FE2}.Debug|Any CPU.ActiveCfg = Debug|Any CPU
		{EB8D4A8E-B80D-4526-8ADB-E48C44197FE2}.Debug|Any CPU.Build.0 = Debug|Any CPU
		{EB8D4A8E-B80D-4526-8ADB-E48C44197FE2}.Debug|ARM.ActiveCfg = Debug|Any CPU
		{EB8D4A8E-B80D-4526-8ADB-E48C44197FE2}.Debug|ARM.Build.0 = Debug|Any CPU
		{EB8D4A8E-B80D-4526-8ADB-E48C44197FE2}.Debug|Mixed Platforms.ActiveCfg = Debug|Any CPU
		{EB8D4A8E-B80D-4526-8ADB-E48C44197FE2}.Debug|Mixed Platforms.Build.0 = Debug|Any CPU
		{EB8D4A8E-B80D-4526-8ADB-E48C44197FE2}.Debug|x64.ActiveCfg = Debug|Any CPU
		{EB8D4A8E-B80D-4526-8ADB-E48C44197FE2}.Debug|x64.Build.0 = Debug|Any CPU
		{EB8D4A8E-B80D-4526-8ADB-E48C44197FE2}.Debug|x86.ActiveCfg = Debug|Any CPU
		{EB8D4A8E-B80D-4526-8ADB-E48C44197FE2}.Debug|x86.Build.0 = Debug|Any CPU
		{EB8D4A8E-B80D-4526-8ADB-E48C44197FE2}.Release|Any CPU.ActiveCfg = Release|Any CPU
		{EB8D4A8E-B80D-4526-8ADB-E48C44197FE2}.Release|Any CPU.Build.0 = Release|Any CPU
		{EB8D4A8E-B80D-4526-8ADB-E48C44197FE2}.Release|ARM.ActiveCfg = Release|Any CPU
		{EB8D4A8E-B80D-4526-8ADB-E48C44197FE2}.Release|ARM.Build.0 = Release|Any CPU
		{EB8D4A8E-B80D-4526-8ADB-E48C44197FE2}.Release|Mixed Platforms.ActiveCfg = Release|Any CPU
		{EB8D4A8E-B80D-4526-8ADB-E48C44197FE2}.Release|Mixed Platforms.Build.0 = Release|Any CPU
		{EB8D4A8E-B80D-4526-8ADB-E48C44197FE2}.Release|x64.ActiveCfg = Release|Any CPU
		{EB8D4A8E-B80D-4526-8ADB-E48C44197FE2}.Release|x64.Build.0 = Release|Any CPU
		{EB8D4A8E-B80D-4526-8ADB-E48C44197FE2}.Release|x86.ActiveCfg = Release|Any CPU
		{EB8D4A8E-B80D-4526-8ADB-E48C44197FE2}.Release|x86.Build.0 = Release|Any CPU
		{2F6DF7AD-A7F8-48B9-9B9C-B46E962613A1}.Debug|Any CPU.ActiveCfg = Debug|Any CPU
		{2F6DF7AD-A7F8-48B9-9B9C-B46E962613A1}.Debug|Any CPU.Build.0 = Debug|Any CPU
		{2F6DF7AD-A7F8-48B9-9B9C-B46E962613A1}.Debug|ARM.ActiveCfg = Debug|Any CPU
		{2F6DF7AD-A7F8-48B9-9B9C-B46E962613A1}.Debug|ARM.Build.0 = Debug|Any CPU
		{2F6DF7AD-A7F8-48B9-9B9C-B46E962613A1}.Debug|Mixed Platforms.ActiveCfg = Debug|Any CPU
		{2F6DF7AD-A7F8-48B9-9B9C-B46E962613A1}.Debug|Mixed Platforms.Build.0 = Debug|Any CPU
		{2F6DF7AD-A7F8-48B9-9B9C-B46E962613A1}.Debug|x64.ActiveCfg = Debug|Any CPU
		{2F6DF7AD-A7F8-48B9-9B9C-B46E962613A1}.Debug|x64.Build.0 = Debug|Any CPU
		{2F6DF7AD-A7F8-48B9-9B9C-B46E962613A1}.Debug|x86.ActiveCfg = Debug|Any CPU
		{2F6DF7AD-A7F8-48B9-9B9C-B46E962613A1}.Debug|x86.Build.0 = Debug|Any CPU
		{2F6DF7AD-A7F8-48B9-9B9C-B46E962613A1}.Release|Any CPU.ActiveCfg = Release|Any CPU
		{2F6DF7AD-A7F8-48B9-9B9C-B46E962613A1}.Release|Any CPU.Build.0 = Release|Any CPU
		{2F6DF7AD-A7F8-48B9-9B9C-B46E962613A1}.Release|ARM.ActiveCfg = Release|Any CPU
		{2F6DF7AD-A7F8-48B9-9B9C-B46E962613A1}.Release|ARM.Build.0 = Release|Any CPU
		{2F6DF7AD-A7F8-48B9-9B9C-B46E962613A1}.Release|Mixed Platforms.ActiveCfg = Release|Any CPU
		{2F6DF7AD-A7F8-48B9-9B9C-B46E962613A1}.Release|Mixed Platforms.Build.0 = Release|Any CPU
		{2F6DF7AD-A7F8-48B9-9B9C-B46E962613A1}.Release|x64.ActiveCfg = Release|Any CPU
		{2F6DF7AD-A7F8-48B9-9B9C-B46E962613A1}.Release|x64.Build.0 = Release|Any CPU
		{2F6DF7AD-A7F8-48B9-9B9C-B46E962613A1}.Release|x86.ActiveCfg = Release|Any CPU
		{2F6DF7AD-A7F8-48B9-9B9C-B46E962613A1}.Release|x86.Build.0 = Release|Any CPU
		{45BCDFE6-DA84-4121-9A4D-690C5CBDD2E5}.Debug|Any CPU.ActiveCfg = Debug|Win32
		{45BCDFE6-DA84-4121-9A4D-690C5CBDD2E5}.Debug|ARM.ActiveCfg = Debug|Win32
		{45BCDFE6-DA84-4121-9A4D-690C5CBDD2E5}.Debug|Mixed Platforms.ActiveCfg = Debug|Win32
		{45BCDFE6-DA84-4121-9A4D-690C5CBDD2E5}.Debug|Mixed Platforms.Build.0 = Debug|Win32
		{45BCDFE6-DA84-4121-9A4D-690C5CBDD2E5}.Debug|x64.ActiveCfg = Debug|x64
		{45BCDFE6-DA84-4121-9A4D-690C5CBDD2E5}.Debug|x64.Build.0 = Debug|x64
		{45BCDFE6-DA84-4121-9A4D-690C5CBDD2E5}.Debug|x86.ActiveCfg = Debug|Win32
		{45BCDFE6-DA84-4121-9A4D-690C5CBDD2E5}.Debug|x86.Build.0 = Debug|Win32
		{45BCDFE6-DA84-4121-9A4D-690C5CBDD2E5}.Release|Any CPU.ActiveCfg = Release|Win32
		{45BCDFE6-DA84-4121-9A4D-690C5CBDD2E5}.Release|ARM.ActiveCfg = Release|Win32
		{45BCDFE6-DA84-4121-9A4D-690C5CBDD2E5}.Release|Mixed Platforms.ActiveCfg = Release|Win32
		{45BCDFE6-DA84-4121-9A4D-690C5CBDD2E5}.Release|Mixed Platforms.Build.0 = Release|Win32
		{45BCDFE6-DA84-4121-9A4D-690C5CBDD2E5}.Release|x64.ActiveCfg = Release|x64
		{45BCDFE6-DA84-4121-9A4D-690C5CBDD2E5}.Release|x64.Build.0 = Release|x64
		{45BCDFE6-DA84-4121-9A4D-690C5CBDD2E5}.Release|x86.ActiveCfg = Release|Win32
		{45BCDFE6-DA84-4121-9A4D-690C5CBDD2E5}.Release|x86.Build.0 = Release|Win32
		{CAD2BE75-8EE7-4863-8F9C-0EF5BD8F37BA}.Debug|Any CPU.ActiveCfg = Debug|Any CPU
		{CAD2BE75-8EE7-4863-8F9C-0EF5BD8F37BA}.Debug|Any CPU.Build.0 = Debug|Any CPU
		{CAD2BE75-8EE7-4863-8F9C-0EF5BD8F37BA}.Debug|ARM.ActiveCfg = Debug|Any CPU
		{CAD2BE75-8EE7-4863-8F9C-0EF5BD8F37BA}.Debug|Mixed Platforms.ActiveCfg = Debug|Any CPU
		{CAD2BE75-8EE7-4863-8F9C-0EF5BD8F37BA}.Debug|Mixed Platforms.Build.0 = Debug|Any CPU
		{CAD2BE75-8EE7-4863-8F9C-0EF5BD8F37BA}.Debug|x64.ActiveCfg = Debug|Any CPU
		{CAD2BE75-8EE7-4863-8F9C-0EF5BD8F37BA}.Debug|x86.ActiveCfg = Debug|Any CPU
		{CAD2BE75-8EE7-4863-8F9C-0EF5BD8F37BA}.Release|Any CPU.ActiveCfg = Release|Any CPU
		{CAD2BE75-8EE7-4863-8F9C-0EF5BD8F37BA}.Release|Any CPU.Build.0 = Release|Any CPU
		{CAD2BE75-8EE7-4863-8F9C-0EF5BD8F37BA}.Release|ARM.ActiveCfg = Release|Any CPU
		{CAD2BE75-8EE7-4863-8F9C-0EF5BD8F37BA}.Release|Mixed Platforms.ActiveCfg = Release|Any CPU
		{CAD2BE75-8EE7-4863-8F9C-0EF5BD8F37BA}.Release|Mixed Platforms.Build.0 = Release|Any CPU
		{CAD2BE75-8EE7-4863-8F9C-0EF5BD8F37BA}.Release|x64.ActiveCfg = Release|Any CPU
		{CAD2BE75-8EE7-4863-8F9C-0EF5BD8F37BA}.Release|x86.ActiveCfg = Release|Any CPU
		{F116A63F-8A07-42E1-AB29-0225839715D1}.Debug|Any CPU.ActiveCfg = Debug|Win32
		{F116A63F-8A07-42E1-AB29-0225839715D1}.Debug|ARM.ActiveCfg = Debug|Win32
		{F116A63F-8A07-42E1-AB29-0225839715D1}.Debug|Mixed Platforms.ActiveCfg = Debug|Win32
		{F116A63F-8A07-42E1-AB29-0225839715D1}.Debug|Mixed Platforms.Build.0 = Debug|Win32
		{F116A63F-8A07-42E1-AB29-0225839715D1}.Debug|x64.ActiveCfg = Debug|x64
		{F116A63F-8A07-42E1-AB29-0225839715D1}.Debug|x64.Build.0 = Debug|x64
		{F116A63F-8A07-42E1-AB29-0225839715D1}.Debug|x86.ActiveCfg = Debug|Win32
		{F116A63F-8A07-42E1-AB29-0225839715D1}.Debug|x86.Build.0 = Debug|Win32
		{F116A63F-8A07-42E1-AB29-0225839715D1}.Release|Any CPU.ActiveCfg = Release|Win32
		{F116A63F-8A07-42E1-AB29-0225839715D1}.Release|ARM.ActiveCfg = Release|Win32
		{F116A63F-8A07-42E1-AB29-0225839715D1}.Release|Mixed Platforms.ActiveCfg = Release|Win32
		{F116A63F-8A07-42E1-AB29-0225839715D1}.Release|Mixed Platforms.Build.0 = Release|Win32
		{F116A63F-8A07-42E1-AB29-0225839715D1}.Release|x64.ActiveCfg = Release|x64
		{F116A63F-8A07-42E1-AB29-0225839715D1}.Release|x64.Build.0 = Release|x64
		{F116A63F-8A07-42E1-AB29-0225839715D1}.Release|x86.ActiveCfg = Release|Win32
		{F116A63F-8A07-42E1-AB29-0225839715D1}.Release|x86.Build.0 = Release|Win32
		{62777208-30EB-412A-8E26-19A1D7F4F0C3}.Debug|Any CPU.ActiveCfg = Debug|Any CPU
		{62777208-30EB-412A-8E26-19A1D7F4F0C3}.Debug|Any CPU.Build.0 = Debug|Any CPU
		{62777208-30EB-412A-8E26-19A1D7F4F0C3}.Debug|ARM.ActiveCfg = Debug|Any CPU
		{62777208-30EB-412A-8E26-19A1D7F4F0C3}.Debug|ARM.Build.0 = Debug|Any CPU
		{62777208-30EB-412A-8E26-19A1D7F4F0C3}.Debug|Mixed Platforms.ActiveCfg = Debug|Any CPU
		{62777208-30EB-412A-8E26-19A1D7F4F0C3}.Debug|Mixed Platforms.Build.0 = Debug|Any CPU
		{62777208-30EB-412A-8E26-19A1D7F4F0C3}.Debug|x64.ActiveCfg = Debug|Any CPU
		{62777208-30EB-412A-8E26-19A1D7F4F0C3}.Debug|x64.Build.0 = Debug|Any CPU
		{62777208-30EB-412A-8E26-19A1D7F4F0C3}.Debug|x86.ActiveCfg = Debug|Any CPU
		{62777208-30EB-412A-8E26-19A1D7F4F0C3}.Debug|x86.Build.0 = Debug|Any CPU
		{62777208-30EB-412A-8E26-19A1D7F4F0C3}.Release|Any CPU.ActiveCfg = Release|Any CPU
		{62777208-30EB-412A-8E26-19A1D7F4F0C3}.Release|Any CPU.Build.0 = Release|Any CPU
		{62777208-30EB-412A-8E26-19A1D7F4F0C3}.Release|ARM.ActiveCfg = Release|Any CPU
		{62777208-30EB-412A-8E26-19A1D7F4F0C3}.Release|ARM.Build.0 = Release|Any CPU
		{62777208-30EB-412A-8E26-19A1D7F4F0C3}.Release|Mixed Platforms.ActiveCfg = Release|Any CPU
		{62777208-30EB-412A-8E26-19A1D7F4F0C3}.Release|Mixed Platforms.Build.0 = Release|Any CPU
		{62777208-30EB-412A-8E26-19A1D7F4F0C3}.Release|x64.ActiveCfg = Release|Any CPU
		{62777208-30EB-412A-8E26-19A1D7F4F0C3}.Release|x64.Build.0 = Release|Any CPU
		{62777208-30EB-412A-8E26-19A1D7F4F0C3}.Release|x86.ActiveCfg = Release|Any CPU
		{62777208-30EB-412A-8E26-19A1D7F4F0C3}.Release|x86.Build.0 = Release|Any CPU
		{4CC1FE67-1D3D-4B19-AF18-235AAB82C889}.Debug|Any CPU.ActiveCfg = Debug|Any CPU
		{4CC1FE67-1D3D-4B19-AF18-235AAB82C889}.Debug|Any CPU.Build.0 = Debug|Any CPU
		{4CC1FE67-1D3D-4B19-AF18-235AAB82C889}.Debug|ARM.ActiveCfg = Debug|Any CPU
		{4CC1FE67-1D3D-4B19-AF18-235AAB82C889}.Debug|ARM.Build.0 = Debug|Any CPU
		{4CC1FE67-1D3D-4B19-AF18-235AAB82C889}.Debug|Mixed Platforms.ActiveCfg = Debug|Any CPU
		{4CC1FE67-1D3D-4B19-AF18-235AAB82C889}.Debug|Mixed Platforms.Build.0 = Debug|Any CPU
		{4CC1FE67-1D3D-4B19-AF18-235AAB82C889}.Debug|x64.ActiveCfg = Debug|Any CPU
		{4CC1FE67-1D3D-4B19-AF18-235AAB82C889}.Debug|x64.Build.0 = Debug|Any CPU
		{4CC1FE67-1D3D-4B19-AF18-235AAB82C889}.Debug|x86.ActiveCfg = Debug|Any CPU
		{4CC1FE67-1D3D-4B19-AF18-235AAB82C889}.Debug|x86.Build.0 = Debug|Any CPU
		{4CC1FE67-1D3D-4B19-AF18-235AAB82C889}.Release|Any CPU.ActiveCfg = Release|Any CPU
		{4CC1FE67-1D3D-4B19-AF18-235AAB82C889}.Release|Any CPU.Build.0 = Release|Any CPU
		{4CC1FE67-1D3D-4B19-AF18-235AAB82C889}.Release|ARM.ActiveCfg = Release|Any CPU
		{4CC1FE67-1D3D-4B19-AF18-235AAB82C889}.Release|ARM.Build.0 = Release|Any CPU
		{4CC1FE67-1D3D-4B19-AF18-235AAB82C889}.Release|Mixed Platforms.ActiveCfg = Release|Any CPU
		{4CC1FE67-1D3D-4B19-AF18-235AAB82C889}.Release|Mixed Platforms.Build.0 = Release|Any CPU
		{4CC1FE67-1D3D-4B19-AF18-235AAB82C889}.Release|x64.ActiveCfg = Release|Any CPU
		{4CC1FE67-1D3D-4B19-AF18-235AAB82C889}.Release|x64.Build.0 = Release|Any CPU
		{4CC1FE67-1D3D-4B19-AF18-235AAB82C889}.Release|x86.ActiveCfg = Release|Any CPU
		{4CC1FE67-1D3D-4B19-AF18-235AAB82C889}.Release|x86.Build.0 = Release|Any CPU
		{79EC5F4B-339E-41C8-9CD1-7A3C2AE39A4B}.Debug|Any CPU.ActiveCfg = Debug|Any CPU
		{79EC5F4B-339E-41C8-9CD1-7A3C2AE39A4B}.Debug|Any CPU.Build.0 = Debug|Any CPU
		{79EC5F4B-339E-41C8-9CD1-7A3C2AE39A4B}.Debug|ARM.ActiveCfg = Debug|Any CPU
		{79EC5F4B-339E-41C8-9CD1-7A3C2AE39A4B}.Debug|ARM.Build.0 = Debug|Any CPU
		{79EC5F4B-339E-41C8-9CD1-7A3C2AE39A4B}.Debug|Mixed Platforms.ActiveCfg = Debug|Any CPU
		{79EC5F4B-339E-41C8-9CD1-7A3C2AE39A4B}.Debug|Mixed Platforms.Build.0 = Debug|Any CPU
		{79EC5F4B-339E-41C8-9CD1-7A3C2AE39A4B}.Debug|x64.ActiveCfg = Debug|Any CPU
		{79EC5F4B-339E-41C8-9CD1-7A3C2AE39A4B}.Debug|x64.Build.0 = Debug|Any CPU
		{79EC5F4B-339E-41C8-9CD1-7A3C2AE39A4B}.Debug|x86.ActiveCfg = Debug|Any CPU
		{79EC5F4B-339E-41C8-9CD1-7A3C2AE39A4B}.Debug|x86.Build.0 = Debug|Any CPU
		{79EC5F4B-339E-41C8-9CD1-7A3C2AE39A4B}.Release|Any CPU.ActiveCfg = Release|Any CPU
		{79EC5F4B-339E-41C8-9CD1-7A3C2AE39A4B}.Release|Any CPU.Build.0 = Release|Any CPU
		{79EC5F4B-339E-41C8-9CD1-7A3C2AE39A4B}.Release|ARM.ActiveCfg = Release|Any CPU
		{79EC5F4B-339E-41C8-9CD1-7A3C2AE39A4B}.Release|ARM.Build.0 = Release|Any CPU
		{79EC5F4B-339E-41C8-9CD1-7A3C2AE39A4B}.Release|Mixed Platforms.ActiveCfg = Release|Any CPU
		{79EC5F4B-339E-41C8-9CD1-7A3C2AE39A4B}.Release|Mixed Platforms.Build.0 = Release|Any CPU
		{79EC5F4B-339E-41C8-9CD1-7A3C2AE39A4B}.Release|x64.ActiveCfg = Release|Any CPU
		{79EC5F4B-339E-41C8-9CD1-7A3C2AE39A4B}.Release|x64.Build.0 = Release|Any CPU
		{79EC5F4B-339E-41C8-9CD1-7A3C2AE39A4B}.Release|x86.ActiveCfg = Release|Any CPU
		{79EC5F4B-339E-41C8-9CD1-7A3C2AE39A4B}.Release|x86.Build.0 = Release|Any CPU
		{AEABB0B1-A523-4E53-8302-2389CA4B1B36}.Debug|Any CPU.ActiveCfg = Debug|Any CPU
		{AEABB0B1-A523-4E53-8302-2389CA4B1B36}.Debug|Any CPU.Build.0 = Debug|Any CPU
		{AEABB0B1-A523-4E53-8302-2389CA4B1B36}.Debug|ARM.ActiveCfg = Debug|Any CPU
		{AEABB0B1-A523-4E53-8302-2389CA4B1B36}.Debug|ARM.Build.0 = Debug|Any CPU
		{AEABB0B1-A523-4E53-8302-2389CA4B1B36}.Debug|Mixed Platforms.ActiveCfg = Debug|Any CPU
		{AEABB0B1-A523-4E53-8302-2389CA4B1B36}.Debug|Mixed Platforms.Build.0 = Debug|Any CPU
		{AEABB0B1-A523-4E53-8302-2389CA4B1B36}.Debug|x64.ActiveCfg = Debug|Any CPU
		{AEABB0B1-A523-4E53-8302-2389CA4B1B36}.Debug|x64.Build.0 = Debug|Any CPU
		{AEABB0B1-A523-4E53-8302-2389CA4B1B36}.Debug|x86.ActiveCfg = Debug|Any CPU
		{AEABB0B1-A523-4E53-8302-2389CA4B1B36}.Debug|x86.Build.0 = Debug|Any CPU
		{AEABB0B1-A523-4E53-8302-2389CA4B1B36}.Release|Any CPU.ActiveCfg = Release|Any CPU
		{AEABB0B1-A523-4E53-8302-2389CA4B1B36}.Release|Any CPU.Build.0 = Release|Any CPU
		{AEABB0B1-A523-4E53-8302-2389CA4B1B36}.Release|ARM.ActiveCfg = Release|Any CPU
		{AEABB0B1-A523-4E53-8302-2389CA4B1B36}.Release|ARM.Build.0 = Release|Any CPU
		{AEABB0B1-A523-4E53-8302-2389CA4B1B36}.Release|Mixed Platforms.ActiveCfg = Release|Any CPU
		{AEABB0B1-A523-4E53-8302-2389CA4B1B36}.Release|Mixed Platforms.Build.0 = Release|Any CPU
		{AEABB0B1-A523-4E53-8302-2389CA4B1B36}.Release|x64.ActiveCfg = Release|Any CPU
		{AEABB0B1-A523-4E53-8302-2389CA4B1B36}.Release|x64.Build.0 = Release|Any CPU
		{AEABB0B1-A523-4E53-8302-2389CA4B1B36}.Release|x86.ActiveCfg = Release|Any CPU
		{AEABB0B1-A523-4E53-8302-2389CA4B1B36}.Release|x86.Build.0 = Release|Any CPU
		{5217DEEC-8F0B-4C9D-90AB-977DB668FC04}.Debug|Any CPU.ActiveCfg = Debug|Win32
		{5217DEEC-8F0B-4C9D-90AB-977DB668FC04}.Debug|ARM.ActiveCfg = Debug|Win32
		{5217DEEC-8F0B-4C9D-90AB-977DB668FC04}.Debug|Mixed Platforms.ActiveCfg = Debug|Win32
		{5217DEEC-8F0B-4C9D-90AB-977DB668FC04}.Debug|Mixed Platforms.Build.0 = Debug|Win32
		{5217DEEC-8F0B-4C9D-90AB-977DB668FC04}.Debug|x64.ActiveCfg = Debug|x64
		{5217DEEC-8F0B-4C9D-90AB-977DB668FC04}.Debug|x64.Build.0 = Debug|x64
		{5217DEEC-8F0B-4C9D-90AB-977DB668FC04}.Debug|x86.ActiveCfg = Debug|Win32
		{5217DEEC-8F0B-4C9D-90AB-977DB668FC04}.Debug|x86.Build.0 = Debug|Win32
		{5217DEEC-8F0B-4C9D-90AB-977DB668FC04}.Release|Any CPU.ActiveCfg = Release|Win32
		{5217DEEC-8F0B-4C9D-90AB-977DB668FC04}.Release|ARM.ActiveCfg = Release|Win32
		{5217DEEC-8F0B-4C9D-90AB-977DB668FC04}.Release|Mixed Platforms.ActiveCfg = Release|Win32
		{5217DEEC-8F0B-4C9D-90AB-977DB668FC04}.Release|Mixed Platforms.Build.0 = Release|Win32
		{5217DEEC-8F0B-4C9D-90AB-977DB668FC04}.Release|x64.ActiveCfg = Release|x64
		{5217DEEC-8F0B-4C9D-90AB-977DB668FC04}.Release|x64.Build.0 = Release|x64
		{5217DEEC-8F0B-4C9D-90AB-977DB668FC04}.Release|x86.ActiveCfg = Release|Win32
		{5217DEEC-8F0B-4C9D-90AB-977DB668FC04}.Release|x86.Build.0 = Release|Win32
		{FE54A8EF-760D-4406-99E3-C5ED664A85DF}.Debug|Any CPU.ActiveCfg = Debug|Any CPU
		{FE54A8EF-760D-4406-99E3-C5ED664A85DF}.Debug|Any CPU.Build.0 = Debug|Any CPU
		{FE54A8EF-760D-4406-99E3-C5ED664A85DF}.Debug|ARM.ActiveCfg = Debug|Any CPU
		{FE54A8EF-760D-4406-99E3-C5ED664A85DF}.Debug|ARM.Build.0 = Debug|Any CPU
		{FE54A8EF-760D-4406-99E3-C5ED664A85DF}.Debug|Mixed Platforms.ActiveCfg = Debug|Any CPU
		{FE54A8EF-760D-4406-99E3-C5ED664A85DF}.Debug|Mixed Platforms.Build.0 = Debug|Any CPU
		{FE54A8EF-760D-4406-99E3-C5ED664A85DF}.Debug|x64.ActiveCfg = Debug|Any CPU
		{FE54A8EF-760D-4406-99E3-C5ED664A85DF}.Debug|x64.Build.0 = Debug|Any CPU
		{FE54A8EF-760D-4406-99E3-C5ED664A85DF}.Debug|x86.ActiveCfg = Debug|Any CPU
		{FE54A8EF-760D-4406-99E3-C5ED664A85DF}.Debug|x86.Build.0 = Debug|Any CPU
		{FE54A8EF-760D-4406-99E3-C5ED664A85DF}.Release|Any CPU.ActiveCfg = Release|Any CPU
		{FE54A8EF-760D-4406-99E3-C5ED664A85DF}.Release|Any CPU.Build.0 = Release|Any CPU
		{FE54A8EF-760D-4406-99E3-C5ED664A85DF}.Release|ARM.ActiveCfg = Release|Any CPU
		{FE54A8EF-760D-4406-99E3-C5ED664A85DF}.Release|ARM.Build.0 = Release|Any CPU
		{FE54A8EF-760D-4406-99E3-C5ED664A85DF}.Release|Mixed Platforms.ActiveCfg = Release|Any CPU
		{FE54A8EF-760D-4406-99E3-C5ED664A85DF}.Release|Mixed Platforms.Build.0 = Release|Any CPU
		{FE54A8EF-760D-4406-99E3-C5ED664A85DF}.Release|x64.ActiveCfg = Release|Any CPU
		{FE54A8EF-760D-4406-99E3-C5ED664A85DF}.Release|x64.Build.0 = Release|Any CPU
		{FE54A8EF-760D-4406-99E3-C5ED664A85DF}.Release|x86.ActiveCfg = Release|Any CPU
		{FE54A8EF-760D-4406-99E3-C5ED664A85DF}.Release|x86.Build.0 = Release|Any CPU
		{67938277-6B25-40E0-977D-7C34B9031923}.Debug|Any CPU.ActiveCfg = Debug|Any CPU
		{67938277-6B25-40E0-977D-7C34B9031923}.Debug|Any CPU.Build.0 = Debug|Any CPU
		{67938277-6B25-40E0-977D-7C34B9031923}.Debug|ARM.ActiveCfg = Debug|Any CPU
		{67938277-6B25-40E0-977D-7C34B9031923}.Debug|ARM.Build.0 = Debug|Any CPU
		{67938277-6B25-40E0-977D-7C34B9031923}.Debug|Mixed Platforms.ActiveCfg = Debug|Any CPU
		{67938277-6B25-40E0-977D-7C34B9031923}.Debug|Mixed Platforms.Build.0 = Debug|Any CPU
		{67938277-6B25-40E0-977D-7C34B9031923}.Debug|x64.ActiveCfg = Debug|Any CPU
		{67938277-6B25-40E0-977D-7C34B9031923}.Debug|x64.Build.0 = Debug|Any CPU
		{67938277-6B25-40E0-977D-7C34B9031923}.Debug|x86.ActiveCfg = Debug|Any CPU
		{67938277-6B25-40E0-977D-7C34B9031923}.Debug|x86.Build.0 = Debug|Any CPU
		{67938277-6B25-40E0-977D-7C34B9031923}.Release|Any CPU.ActiveCfg = Release|Any CPU
		{67938277-6B25-40E0-977D-7C34B9031923}.Release|Any CPU.Build.0 = Release|Any CPU
		{67938277-6B25-40E0-977D-7C34B9031923}.Release|ARM.ActiveCfg = Release|Any CPU
		{67938277-6B25-40E0-977D-7C34B9031923}.Release|ARM.Build.0 = Release|Any CPU
		{67938277-6B25-40E0-977D-7C34B9031923}.Release|Mixed Platforms.ActiveCfg = Release|Any CPU
		{67938277-6B25-40E0-977D-7C34B9031923}.Release|Mixed Platforms.Build.0 = Release|Any CPU
		{67938277-6B25-40E0-977D-7C34B9031923}.Release|x64.ActiveCfg = Release|Any CPU
		{67938277-6B25-40E0-977D-7C34B9031923}.Release|x64.Build.0 = Release|Any CPU
		{67938277-6B25-40E0-977D-7C34B9031923}.Release|x86.ActiveCfg = Release|Any CPU
		{67938277-6B25-40E0-977D-7C34B9031923}.Release|x86.Build.0 = Release|Any CPU
		{05183826-A792-4C69-82F3-30B10F60977E}.Debug|Any CPU.ActiveCfg = Debug|Any CPU
		{05183826-A792-4C69-82F3-30B10F60977E}.Debug|Any CPU.Build.0 = Debug|Any CPU
		{05183826-A792-4C69-82F3-30B10F60977E}.Debug|ARM.ActiveCfg = Debug|Any CPU
		{05183826-A792-4C69-82F3-30B10F60977E}.Debug|ARM.Build.0 = Debug|Any CPU
		{05183826-A792-4C69-82F3-30B10F60977E}.Debug|Mixed Platforms.ActiveCfg = Debug|Any CPU
		{05183826-A792-4C69-82F3-30B10F60977E}.Debug|Mixed Platforms.Build.0 = Debug|Any CPU
		{05183826-A792-4C69-82F3-30B10F60977E}.Debug|x64.ActiveCfg = Debug|Any CPU
		{05183826-A792-4C69-82F3-30B10F60977E}.Debug|x64.Build.0 = Debug|Any CPU
		{05183826-A792-4C69-82F3-30B10F60977E}.Debug|x86.ActiveCfg = Debug|Any CPU
		{05183826-A792-4C69-82F3-30B10F60977E}.Debug|x86.Build.0 = Debug|Any CPU
		{05183826-A792-4C69-82F3-30B10F60977E}.Release|Any CPU.ActiveCfg = Release|Any CPU
		{05183826-A792-4C69-82F3-30B10F60977E}.Release|Any CPU.Build.0 = Release|Any CPU
		{05183826-A792-4C69-82F3-30B10F60977E}.Release|ARM.ActiveCfg = Release|Any CPU
		{05183826-A792-4C69-82F3-30B10F60977E}.Release|ARM.Build.0 = Release|Any CPU
		{05183826-A792-4C69-82F3-30B10F60977E}.Release|Mixed Platforms.ActiveCfg = Release|Any CPU
		{05183826-A792-4C69-82F3-30B10F60977E}.Release|Mixed Platforms.Build.0 = Release|Any CPU
		{05183826-A792-4C69-82F3-30B10F60977E}.Release|x64.ActiveCfg = Release|Any CPU
		{05183826-A792-4C69-82F3-30B10F60977E}.Release|x64.Build.0 = Release|Any CPU
		{05183826-A792-4C69-82F3-30B10F60977E}.Release|x86.ActiveCfg = Release|Any CPU
		{05183826-A792-4C69-82F3-30B10F60977E}.Release|x86.Build.0 = Release|Any CPU
		{53B82718-2D8D-4298-BA3C-58F1B190CD30}.Debug|Any CPU.ActiveCfg = Debug|Any CPU
		{53B82718-2D8D-4298-BA3C-58F1B190CD30}.Debug|Any CPU.Build.0 = Debug|Any CPU
		{53B82718-2D8D-4298-BA3C-58F1B190CD30}.Debug|ARM.ActiveCfg = Debug|Any CPU
		{53B82718-2D8D-4298-BA3C-58F1B190CD30}.Debug|ARM.Build.0 = Debug|Any CPU
		{53B82718-2D8D-4298-BA3C-58F1B190CD30}.Debug|Mixed Platforms.ActiveCfg = Debug|Any CPU
		{53B82718-2D8D-4298-BA3C-58F1B190CD30}.Debug|Mixed Platforms.Build.0 = Debug|Any CPU
		{53B82718-2D8D-4298-BA3C-58F1B190CD30}.Debug|x64.ActiveCfg = Debug|Any CPU
		{53B82718-2D8D-4298-BA3C-58F1B190CD30}.Debug|x64.Build.0 = Debug|Any CPU
		{53B82718-2D8D-4298-BA3C-58F1B190CD30}.Debug|x86.ActiveCfg = Debug|Any CPU
		{53B82718-2D8D-4298-BA3C-58F1B190CD30}.Debug|x86.Build.0 = Debug|Any CPU
		{53B82718-2D8D-4298-BA3C-58F1B190CD30}.Release|Any CPU.ActiveCfg = Release|Any CPU
		{53B82718-2D8D-4298-BA3C-58F1B190CD30}.Release|Any CPU.Build.0 = Release|Any CPU
		{53B82718-2D8D-4298-BA3C-58F1B190CD30}.Release|ARM.ActiveCfg = Release|Any CPU
		{53B82718-2D8D-4298-BA3C-58F1B190CD30}.Release|ARM.Build.0 = Release|Any CPU
		{53B82718-2D8D-4298-BA3C-58F1B190CD30}.Release|Mixed Platforms.ActiveCfg = Release|Any CPU
		{53B82718-2D8D-4298-BA3C-58F1B190CD30}.Release|Mixed Platforms.Build.0 = Release|Any CPU
		{53B82718-2D8D-4298-BA3C-58F1B190CD30}.Release|x64.ActiveCfg = Release|Any CPU
		{53B82718-2D8D-4298-BA3C-58F1B190CD30}.Release|x64.Build.0 = Release|Any CPU
		{53B82718-2D8D-4298-BA3C-58F1B190CD30}.Release|x86.ActiveCfg = Release|Any CPU
		{53B82718-2D8D-4298-BA3C-58F1B190CD30}.Release|x86.Build.0 = Release|Any CPU
		{6A9EB722-2907-44A7-A556-B99A1704EA50}.Debug|Any CPU.ActiveCfg = Debug|Any CPU
		{6A9EB722-2907-44A7-A556-B99A1704EA50}.Debug|Any CPU.Build.0 = Debug|Any CPU
		{6A9EB722-2907-44A7-A556-B99A1704EA50}.Debug|ARM.ActiveCfg = Debug|Any CPU
		{6A9EB722-2907-44A7-A556-B99A1704EA50}.Debug|ARM.Build.0 = Debug|Any CPU
		{6A9EB722-2907-44A7-A556-B99A1704EA50}.Debug|Mixed Platforms.ActiveCfg = Debug|Any CPU
		{6A9EB722-2907-44A7-A556-B99A1704EA50}.Debug|Mixed Platforms.Build.0 = Debug|Any CPU
		{6A9EB722-2907-44A7-A556-B99A1704EA50}.Debug|x64.ActiveCfg = Debug|Any CPU
		{6A9EB722-2907-44A7-A556-B99A1704EA50}.Debug|x64.Build.0 = Debug|Any CPU
		{6A9EB722-2907-44A7-A556-B99A1704EA50}.Debug|x86.ActiveCfg = Debug|Any CPU
		{6A9EB722-2907-44A7-A556-B99A1704EA50}.Debug|x86.Build.0 = Debug|Any CPU
		{6A9EB722-2907-44A7-A556-B99A1704EA50}.Release|Any CPU.ActiveCfg = Release|Any CPU
		{6A9EB722-2907-44A7-A556-B99A1704EA50}.Release|Any CPU.Build.0 = Release|Any CPU
		{6A9EB722-2907-44A7-A556-B99A1704EA50}.Release|ARM.ActiveCfg = Release|Any CPU
		{6A9EB722-2907-44A7-A556-B99A1704EA50}.Release|ARM.Build.0 = Release|Any CPU
		{6A9EB722-2907-44A7-A556-B99A1704EA50}.Release|Mixed Platforms.ActiveCfg = Release|Any CPU
		{6A9EB722-2907-44A7-A556-B99A1704EA50}.Release|Mixed Platforms.Build.0 = Release|Any CPU
		{6A9EB722-2907-44A7-A556-B99A1704EA50}.Release|x64.ActiveCfg = Release|Any CPU
		{6A9EB722-2907-44A7-A556-B99A1704EA50}.Release|x64.Build.0 = Release|Any CPU
		{6A9EB722-2907-44A7-A556-B99A1704EA50}.Release|x86.ActiveCfg = Release|Any CPU
		{6A9EB722-2907-44A7-A556-B99A1704EA50}.Release|x86.Build.0 = Release|Any CPU
		{B7428BFE-9AC1-474D-BF58-0CFE1FB5BC9E}.Debug|Any CPU.ActiveCfg = Debug|Any CPU
		{B7428BFE-9AC1-474D-BF58-0CFE1FB5BC9E}.Debug|Any CPU.Build.0 = Debug|Any CPU
		{B7428BFE-9AC1-474D-BF58-0CFE1FB5BC9E}.Debug|ARM.ActiveCfg = Debug|Any CPU
		{B7428BFE-9AC1-474D-BF58-0CFE1FB5BC9E}.Debug|ARM.Build.0 = Debug|Any CPU
		{B7428BFE-9AC1-474D-BF58-0CFE1FB5BC9E}.Debug|Mixed Platforms.ActiveCfg = Debug|Any CPU
		{B7428BFE-9AC1-474D-BF58-0CFE1FB5BC9E}.Debug|Mixed Platforms.Build.0 = Debug|Any CPU
		{B7428BFE-9AC1-474D-BF58-0CFE1FB5BC9E}.Debug|x64.ActiveCfg = Debug|Any CPU
		{B7428BFE-9AC1-474D-BF58-0CFE1FB5BC9E}.Debug|x64.Build.0 = Debug|Any CPU
		{B7428BFE-9AC1-474D-BF58-0CFE1FB5BC9E}.Debug|x86.ActiveCfg = Debug|Any CPU
		{B7428BFE-9AC1-474D-BF58-0CFE1FB5BC9E}.Debug|x86.Build.0 = Debug|Any CPU
		{B7428BFE-9AC1-474D-BF58-0CFE1FB5BC9E}.Release|Any CPU.ActiveCfg = Release|Any CPU
		{B7428BFE-9AC1-474D-BF58-0CFE1FB5BC9E}.Release|Any CPU.Build.0 = Release|Any CPU
		{B7428BFE-9AC1-474D-BF58-0CFE1FB5BC9E}.Release|ARM.ActiveCfg = Release|Any CPU
		{B7428BFE-9AC1-474D-BF58-0CFE1FB5BC9E}.Release|ARM.Build.0 = Release|Any CPU
		{B7428BFE-9AC1-474D-BF58-0CFE1FB5BC9E}.Release|Mixed Platforms.ActiveCfg = Release|Any CPU
		{B7428BFE-9AC1-474D-BF58-0CFE1FB5BC9E}.Release|Mixed Platforms.Build.0 = Release|Any CPU
		{B7428BFE-9AC1-474D-BF58-0CFE1FB5BC9E}.Release|x64.ActiveCfg = Release|Any CPU
		{B7428BFE-9AC1-474D-BF58-0CFE1FB5BC9E}.Release|x64.Build.0 = Release|Any CPU
		{B7428BFE-9AC1-474D-BF58-0CFE1FB5BC9E}.Release|x86.ActiveCfg = Release|Any CPU
		{B7428BFE-9AC1-474D-BF58-0CFE1FB5BC9E}.Release|x86.Build.0 = Release|Any CPU
		{9F0DC299-BC23-4FDF-B5F1-B04662811047}.Debug|Any CPU.ActiveCfg = Debug|Win32
		{9F0DC299-BC23-4FDF-B5F1-B04662811047}.Debug|ARM.ActiveCfg = Debug|Win32
		{9F0DC299-BC23-4FDF-B5F1-B04662811047}.Debug|Mixed Platforms.ActiveCfg = Debug|Win32
		{9F0DC299-BC23-4FDF-B5F1-B04662811047}.Debug|Mixed Platforms.Build.0 = Debug|Win32
		{9F0DC299-BC23-4FDF-B5F1-B04662811047}.Debug|x64.ActiveCfg = Debug|x64
		{9F0DC299-BC23-4FDF-B5F1-B04662811047}.Debug|x64.Build.0 = Debug|x64
		{9F0DC299-BC23-4FDF-B5F1-B04662811047}.Debug|x86.ActiveCfg = Debug|Win32
		{9F0DC299-BC23-4FDF-B5F1-B04662811047}.Debug|x86.Build.0 = Debug|Win32
		{9F0DC299-BC23-4FDF-B5F1-B04662811047}.Release|Any CPU.ActiveCfg = Release|Win32
		{9F0DC299-BC23-4FDF-B5F1-B04662811047}.Release|ARM.ActiveCfg = Release|Win32
		{9F0DC299-BC23-4FDF-B5F1-B04662811047}.Release|Mixed Platforms.ActiveCfg = Release|Win32
		{9F0DC299-BC23-4FDF-B5F1-B04662811047}.Release|Mixed Platforms.Build.0 = Release|Win32
		{9F0DC299-BC23-4FDF-B5F1-B04662811047}.Release|x64.ActiveCfg = Release|x64
		{9F0DC299-BC23-4FDF-B5F1-B04662811047}.Release|x64.Build.0 = Release|x64
		{9F0DC299-BC23-4FDF-B5F1-B04662811047}.Release|x86.ActiveCfg = Release|Win32
		{9F0DC299-BC23-4FDF-B5F1-B04662811047}.Release|x86.Build.0 = Release|Win32
	EndGlobalSection
	GlobalSection(SolutionProperties) = preSolution
		HideSolutionNode = FALSE
	EndGlobalSection
	GlobalSection(NestedProjects) = preSolution
		{12A1F12D-9879-4301-BD7D-766399745BA7} = {A67D8224-EC2A-4A79-AE19-3778AAF4FC6E}
		{BBFC928C-0760-465C-A4D5-998804FBB4C3} = {A67D8224-EC2A-4A79-AE19-3778AAF4FC6E}
		{8DFE18D5-AE3B-4831-A31E-2DDF487FBEDF} = {A67D8224-EC2A-4A79-AE19-3778AAF4FC6E}
		{3D176C36-80F8-431C-943A-83482C5159EB} = {A67D8224-EC2A-4A79-AE19-3778AAF4FC6E}
		{F943F566-0922-4709-9EE9-EF3FD7EEC085} = {A67D8224-EC2A-4A79-AE19-3778AAF4FC6E}
		{46246534-5709-4258-AC68-448176331AF7} = {4045B2E8-62E0-4500-8956-D858D9F0FF8D}
		{EB8D4A8E-B80D-4526-8ADB-E48C44197FE2} = {4045B2E8-62E0-4500-8956-D858D9F0FF8D}
		{2F6DF7AD-A7F8-48B9-9B9C-B46E962613A1} = {4045B2E8-62E0-4500-8956-D858D9F0FF8D}
		{45BCDFE6-DA84-4121-9A4D-690C5CBDD2E5} = {4045B2E8-62E0-4500-8956-D858D9F0FF8D}
		{CAD2BE75-8EE7-4863-8F9C-0EF5BD8F37BA} = {7AB1DD12-79DF-4085-AD6F-D0039B58888D}
		{F116A63F-8A07-42E1-AB29-0225839715D1} = {7AB1DD12-79DF-4085-AD6F-D0039B58888D}
		{62777208-30EB-412A-8E26-19A1D7F4F0C3} = {7AB1DD12-79DF-4085-AD6F-D0039B58888D}
		{4CC1FE67-1D3D-4B19-AF18-235AAB82C889} = {7AB1DD12-79DF-4085-AD6F-D0039B58888D}
		{79EC5F4B-339E-41C8-9CD1-7A3C2AE39A4B} = {7AB1DD12-79DF-4085-AD6F-D0039B58888D}
		{AEABB0B1-A523-4E53-8302-2389CA4B1B36} = {B94D1A3F-35FF-4365-AE9F-144B5294440C}
		{5217DEEC-8F0B-4C9D-90AB-977DB668FC04} = {B94D1A3F-35FF-4365-AE9F-144B5294440C}
		{FE54A8EF-760D-4406-99E3-C5ED664A85DF} = {B94D1A3F-35FF-4365-AE9F-144B5294440C}
		{67938277-6B25-40E0-977D-7C34B9031923} = {B94D1A3F-35FF-4365-AE9F-144B5294440C}
		{05183826-A792-4C69-82F3-30B10F60977E} = {7AB1DD12-79DF-4085-AD6F-D0039B58888D}
		{53B82718-2D8D-4298-BA3C-58F1B190CD30} = {7AB1DD12-79DF-4085-AD6F-D0039B58888D}
		{6A9EB722-2907-44A7-A556-B99A1704EA50} = {2D97F5C5-C02F-4A5C-9817-2908F01A162F}
		{B7428BFE-9AC1-474D-BF58-0CFE1FB5BC9E} = {2D97F5C5-C02F-4A5C-9817-2908F01A162F}
		{9F0DC299-BC23-4FDF-B5F1-B04662811047} = {2D97F5C5-C02F-4A5C-9817-2908F01A162F}
	EndGlobalSection
EndGlobal
