Microsoft Visual Studio Solution File, Format Version 12.00
# Visual Studio 15
VisualStudioVersion = 15.0.27130.2036
MinimumVisualStudioVersion = 10.0.40219.1
Project("{2150E333-8FDC-42A3-9474-1A3956D46DE8}") = "Common", "Common", "{E6E23D78-5D0F-4054-9A1E-FAD68834A6DA}"
	ProjectSection(SolutionItems) = preProject
		README.md = README.md
	EndProjectSection
EndProject
Project("{2150E333-8FDC-42A3-9474-1A3956D46DE8}") = "ReSharper 2017.1", "ReSharper 2017.1", "{B94D1A3F-35FF-4365-AE9F-144B5294440C}"
EndProject
Project("{FAE04EC0-301F-11D3-BF4B-00C04F79EFBC}") = "ReSharper20171CSharp", "ReSharper20171CSharp\ReSharper20171CSharp.csproj", "{AEABB0B1-A523-4E53-8302-2389CA4B1B36}"
EndProject
Project("{8BC9CEB8-8B4A-11D0-8D11-00A0C91BC942}") = "ReSharper20171Cpp", "ReSharper20171Cpp\ReSharper20171Cpp.vcxproj", "{5217DEEC-8F0B-4C9D-90AB-977DB668FC04}"
EndProject
Project("{FAE04EC0-301F-11D3-BF4B-00C04F79EFBC}") = "ReSharper20171EditorConfig", "ReSharper20171EditorConfig\ReSharper20171EditorConfig.csproj", "{FE54A8EF-760D-4406-99E3-C5ED664A85DF}"
EndProject
Project("{FAE04EC0-301F-11D3-BF4B-00C04F79EFBC}") = "ReSharper20171Web", "ReSharper20171Web\ReSharper20171Web.csproj", "{67938277-6B25-40E0-977D-7C34B9031923}"
EndProject
Project("{2150E333-8FDC-42A3-9474-1A3956D46DE8}") = "ReSharper 2017.2", "ReSharper 2017.2", "{2D97F5C5-C02F-4A5C-9817-2908F01A162F}"
EndProject
Project("{FAE04EC0-301F-11D3-BF4B-00C04F79EFBC}") = "ReSharper20172CSharp", "ReSharper20172CSharp\ReSharper20172CSharp.csproj", "{6A9EB722-2907-44A7-A556-B99A1704EA50}"
EndProject
Project("{FAE04EC0-301F-11D3-BF4B-00C04F79EFBC}") = "ReSharper20172TypeScript", "ReSharper20172TypeScript\ReSharper20172TypeScript.csproj", "{B7428BFE-9AC1-474D-BF58-0CFE1FB5BC9E}"
EndProject
Project("{8BC9CEB8-8B4A-11D0-8D11-00A0C91BC942}") = "ReSharper20172Cpp", "ReSharper20172Cpp\ReSharper20172Cpp.vcxproj", "{9F0DC299-BC23-4FDF-B5F1-B04662811047}"
EndProject
Project("{2150E333-8FDC-42A3-9474-1A3956D46DE8}") = "ReSharper 2017.3", "ReSharper 2017.3", "{A43555B0-DDDD-4528-936B-150A36A57331}"
EndProject
Project("{FAE04EC0-301F-11D3-BF4B-00C04F79EFBC}") = "ReSharper20173CSharp", "ReSharper20173CSharp\ReSharper20173CSharp.csproj", "{9A4D4790-D8FE-4125-9BF7-76E6154DFC89}"
EndProject
Global
	GlobalSection(SolutionConfigurationPlatforms) = preSolution
		Debug|Any CPU = Debug|Any CPU
		Debug|ARM = Debug|ARM
		Debug|Mixed Platforms = Debug|Mixed Platforms
		Debug|x64 = Debug|x64
		Debug|x86 = Debug|x86
		Release|Any CPU = Release|Any CPU
		Release|ARM = Release|ARM
		Release|Mixed Platforms = Release|Mixed Platforms
		Release|x64 = Release|x64
		Release|x86 = Release|x86
	EndGlobalSection
	GlobalSection(ProjectConfigurationPlatforms) = postSolution
		{AEABB0B1-A523-4E53-8302-2389CA4B1B36}.Debug|Any CPU.ActiveCfg = Debug|Any CPU
		{AEABB0B1-A523-4E53-8302-2389CA4B1B36}.Debug|Any CPU.Build.0 = Debug|Any CPU
		{AEABB0B1-A523-4E53-8302-2389CA4B1B36}.Debug|ARM.ActiveCfg = Debug|Any CPU
		{AEABB0B1-A523-4E53-8302-2389CA4B1B36}.Debug|ARM.Build.0 = Debug|Any CPU
		{AEABB0B1-A523-4E53-8302-2389CA4B1B36}.Debug|Mixed Platforms.ActiveCfg = Debug|Any CPU
		{AEABB0B1-A523-4E53-8302-2389CA4B1B36}.Debug|Mixed Platforms.Build.0 = Debug|Any CPU
		{AEABB0B1-A523-4E53-8302-2389CA4B1B36}.Debug|x64.ActiveCfg = Debug|Any CPU
		{AEABB0B1-A523-4E53-8302-2389CA4B1B36}.Debug|x64.Build.0 = Debug|Any CPU
		{AEABB0B1-A523-4E53-8302-2389CA4B1B36}.Debug|x86.ActiveCfg = Debug|Any CPU
		{AEABB0B1-A523-4E53-8302-2389CA4B1B36}.Debug|x86.Build.0 = Debug|Any CPU
		{AEABB0B1-A523-4E53-8302-2389CA4B1B36}.Release|Any CPU.ActiveCfg = Release|Any CPU
		{AEABB0B1-A523-4E53-8302-2389CA4B1B36}.Release|Any CPU.Build.0 = Release|Any CPU
		{AEABB0B1-A523-4E53-8302-2389CA4B1B36}.Release|ARM.ActiveCfg = Release|Any CPU
		{AEABB0B1-A523-4E53-8302-2389CA4B1B36}.Release|ARM.Build.0 = Release|Any CPU
		{AEABB0B1-A523-4E53-8302-2389CA4B1B36}.Release|Mixed Platforms.ActiveCfg = Release|Any CPU
		{AEABB0B1-A523-4E53-8302-2389CA4B1B36}.Release|Mixed Platforms.Build.0 = Release|Any CPU
		{AEABB0B1-A523-4E53-8302-2389CA4B1B36}.Release|x64.ActiveCfg = Release|Any CPU
		{AEABB0B1-A523-4E53-8302-2389CA4B1B36}.Release|x64.Build.0 = Release|Any CPU
		{AEABB0B1-A523-4E53-8302-2389CA4B1B36}.Release|x86.ActiveCfg = Release|Any CPU
		{AEABB0B1-A523-4E53-8302-2389CA4B1B36}.Release|x86.Build.0 = Release|Any CPU
		{5217DEEC-8F0B-4C9D-90AB-977DB668FC04}.Debug|Any CPU.ActiveCfg = Debug|Win32
		{5217DEEC-8F0B-4C9D-90AB-977DB668FC04}.Debug|ARM.ActiveCfg = Debug|Win32
		{5217DEEC-8F0B-4C9D-90AB-977DB668FC04}.Debug|Mixed Platforms.ActiveCfg = Debug|Win32
		{5217DEEC-8F0B-4C9D-90AB-977DB668FC04}.Debug|Mixed Platforms.Build.0 = Debug|Win32
		{5217DEEC-8F0B-4C9D-90AB-977DB668FC04}.Debug|x64.ActiveCfg = Debug|x64
		{5217DEEC-8F0B-4C9D-90AB-977DB668FC04}.Debug|x64.Build.0 = Debug|x64
		{5217DEEC-8F0B-4C9D-90AB-977DB668FC04}.Debug|x86.ActiveCfg = Debug|Win32
		{5217DEEC-8F0B-4C9D-90AB-977DB668FC04}.Debug|x86.Build.0 = Debug|Win32
		{5217DEEC-8F0B-4C9D-90AB-977DB668FC04}.Release|Any CPU.ActiveCfg = Release|Win32
		{5217DEEC-8F0B-4C9D-90AB-977DB668FC04}.Release|ARM.ActiveCfg = Release|Win32
		{5217DEEC-8F0B-4C9D-90AB-977DB668FC04}.Release|Mixed Platforms.ActiveCfg = Release|Win32
		{5217DEEC-8F0B-4C9D-90AB-977DB668FC04}.Release|Mixed Platforms.Build.0 = Release|Win32
		{5217DEEC-8F0B-4C9D-90AB-977DB668FC04}.Release|x64.ActiveCfg = Release|x64
		{5217DEEC-8F0B-4C9D-90AB-977DB668FC04}.Release|x64.Build.0 = Release|x64
		{5217DEEC-8F0B-4C9D-90AB-977DB668FC04}.Release|x86.ActiveCfg = Release|Win32
		{5217DEEC-8F0B-4C9D-90AB-977DB668FC04}.Release|x86.Build.0 = Release|Win32
		{FE54A8EF-760D-4406-99E3-C5ED664A85DF}.Debug|Any CPU.ActiveCfg = Debug|Any CPU
		{FE54A8EF-760D-4406-99E3-C5ED664A85DF}.Debug|Any CPU.Build.0 = Debug|Any CPU
		{FE54A8EF-760D-4406-99E3-C5ED664A85DF}.Debug|ARM.ActiveCfg = Debug|Any CPU
		{FE54A8EF-760D-4406-99E3-C5ED664A85DF}.Debug|ARM.Build.0 = Debug|Any CPU
		{FE54A8EF-760D-4406-99E3-C5ED664A85DF}.Debug|Mixed Platforms.ActiveCfg = Debug|Any CPU
		{FE54A8EF-760D-4406-99E3-C5ED664A85DF}.Debug|Mixed Platforms.Build.0 = Debug|Any CPU
		{FE54A8EF-760D-4406-99E3-C5ED664A85DF}.Debug|x64.ActiveCfg = Debug|Any CPU
		{FE54A8EF-760D-4406-99E3-C5ED664A85DF}.Debug|x64.Build.0 = Debug|Any CPU
		{FE54A8EF-760D-4406-99E3-C5ED664A85DF}.Debug|x86.ActiveCfg = Debug|Any CPU
		{FE54A8EF-760D-4406-99E3-C5ED664A85DF}.Debug|x86.Build.0 = Debug|Any CPU
		{FE54A8EF-760D-4406-99E3-C5ED664A85DF}.Release|Any CPU.ActiveCfg = Release|Any CPU
		{FE54A8EF-760D-4406-99E3-C5ED664A85DF}.Release|Any CPU.Build.0 = Release|Any CPU
		{FE54A8EF-760D-4406-99E3-C5ED664A85DF}.Release|ARM.ActiveCfg = Release|Any CPU
		{FE54A8EF-760D-4406-99E3-C5ED664A85DF}.Release|ARM.Build.0 = Release|Any CPU
		{FE54A8EF-760D-4406-99E3-C5ED664A85DF}.Release|Mixed Platforms.ActiveCfg = Release|Any CPU
		{FE54A8EF-760D-4406-99E3-C5ED664A85DF}.Release|Mixed Platforms.Build.0 = Release|Any CPU
		{FE54A8EF-760D-4406-99E3-C5ED664A85DF}.Release|x64.ActiveCfg = Release|Any CPU
		{FE54A8EF-760D-4406-99E3-C5ED664A85DF}.Release|x64.Build.0 = Release|Any CPU
		{FE54A8EF-760D-4406-99E3-C5ED664A85DF}.Release|x86.ActiveCfg = Release|Any CPU
		{FE54A8EF-760D-4406-99E3-C5ED664A85DF}.Release|x86.Build.0 = Release|Any CPU
		{67938277-6B25-40E0-977D-7C34B9031923}.Debug|Any CPU.ActiveCfg = Debug|Any CPU
		{67938277-6B25-40E0-977D-7C34B9031923}.Debug|Any CPU.Build.0 = Debug|Any CPU
		{67938277-6B25-40E0-977D-7C34B9031923}.Debug|ARM.ActiveCfg = Debug|Any CPU
		{67938277-6B25-40E0-977D-7C34B9031923}.Debug|ARM.Build.0 = Debug|Any CPU
		{67938277-6B25-40E0-977D-7C34B9031923}.Debug|Mixed Platforms.ActiveCfg = Debug|Any CPU
		{67938277-6B25-40E0-977D-7C34B9031923}.Debug|Mixed Platforms.Build.0 = Debug|Any CPU
		{67938277-6B25-40E0-977D-7C34B9031923}.Debug|x64.ActiveCfg = Debug|Any CPU
		{67938277-6B25-40E0-977D-7C34B9031923}.Debug|x64.Build.0 = Debug|Any CPU
		{67938277-6B25-40E0-977D-7C34B9031923}.Debug|x86.ActiveCfg = Debug|Any CPU
		{67938277-6B25-40E0-977D-7C34B9031923}.Debug|x86.Build.0 = Debug|Any CPU
		{67938277-6B25-40E0-977D-7C34B9031923}.Release|Any CPU.ActiveCfg = Release|Any CPU
		{67938277-6B25-40E0-977D-7C34B9031923}.Release|Any CPU.Build.0 = Release|Any CPU
		{67938277-6B25-40E0-977D-7C34B9031923}.Release|ARM.ActiveCfg = Release|Any CPU
		{67938277-6B25-40E0-977D-7C34B9031923}.Release|ARM.Build.0 = Release|Any CPU
		{67938277-6B25-40E0-977D-7C34B9031923}.Release|Mixed Platforms.ActiveCfg = Release|Any CPU
		{67938277-6B25-40E0-977D-7C34B9031923}.Release|Mixed Platforms.Build.0 = Release|Any CPU
		{67938277-6B25-40E0-977D-7C34B9031923}.Release|x64.ActiveCfg = Release|Any CPU
		{67938277-6B25-40E0-977D-7C34B9031923}.Release|x64.Build.0 = Release|Any CPU
		{67938277-6B25-40E0-977D-7C34B9031923}.Release|x86.ActiveCfg = Release|Any CPU
		{67938277-6B25-40E0-977D-7C34B9031923}.Release|x86.Build.0 = Release|Any CPU
		{6A9EB722-2907-44A7-A556-B99A1704EA50}.Debug|Any CPU.ActiveCfg = Debug|Any CPU
		{6A9EB722-2907-44A7-A556-B99A1704EA50}.Debug|Any CPU.Build.0 = Debug|Any CPU
		{6A9EB722-2907-44A7-A556-B99A1704EA50}.Debug|ARM.ActiveCfg = Debug|Any CPU
		{6A9EB722-2907-44A7-A556-B99A1704EA50}.Debug|ARM.Build.0 = Debug|Any CPU
		{6A9EB722-2907-44A7-A556-B99A1704EA50}.Debug|Mixed Platforms.ActiveCfg = Debug|Any CPU
		{6A9EB722-2907-44A7-A556-B99A1704EA50}.Debug|Mixed Platforms.Build.0 = Debug|Any CPU
		{6A9EB722-2907-44A7-A556-B99A1704EA50}.Debug|x64.ActiveCfg = Debug|Any CPU
		{6A9EB722-2907-44A7-A556-B99A1704EA50}.Debug|x64.Build.0 = Debug|Any CPU
		{6A9EB722-2907-44A7-A556-B99A1704EA50}.Debug|x86.ActiveCfg = Debug|Any CPU
		{6A9EB722-2907-44A7-A556-B99A1704EA50}.Debug|x86.Build.0 = Debug|Any CPU
		{6A9EB722-2907-44A7-A556-B99A1704EA50}.Release|Any CPU.ActiveCfg = Release|Any CPU
		{6A9EB722-2907-44A7-A556-B99A1704EA50}.Release|Any CPU.Build.0 = Release|Any CPU
		{6A9EB722-2907-44A7-A556-B99A1704EA50}.Release|ARM.ActiveCfg = Release|Any CPU
		{6A9EB722-2907-44A7-A556-B99A1704EA50}.Release|ARM.Build.0 = Release|Any CPU
		{6A9EB722-2907-44A7-A556-B99A1704EA50}.Release|Mixed Platforms.ActiveCfg = Release|Any CPU
		{6A9EB722-2907-44A7-A556-B99A1704EA50}.Release|Mixed Platforms.Build.0 = Release|Any CPU
		{6A9EB722-2907-44A7-A556-B99A1704EA50}.Release|x64.ActiveCfg = Release|Any CPU
		{6A9EB722-2907-44A7-A556-B99A1704EA50}.Release|x64.Build.0 = Release|Any CPU
		{6A9EB722-2907-44A7-A556-B99A1704EA50}.Release|x86.ActiveCfg = Release|Any CPU
		{6A9EB722-2907-44A7-A556-B99A1704EA50}.Release|x86.Build.0 = Release|Any CPU
		{B7428BFE-9AC1-474D-BF58-0CFE1FB5BC9E}.Debug|Any CPU.ActiveCfg = Debug|Any CPU
		{B7428BFE-9AC1-474D-BF58-0CFE1FB5BC9E}.Debug|Any CPU.Build.0 = Debug|Any CPU
		{B7428BFE-9AC1-474D-BF58-0CFE1FB5BC9E}.Debug|ARM.ActiveCfg = Debug|Any CPU
		{B7428BFE-9AC1-474D-BF58-0CFE1FB5BC9E}.Debug|ARM.Build.0 = Debug|Any CPU
		{B7428BFE-9AC1-474D-BF58-0CFE1FB5BC9E}.Debug|Mixed Platforms.ActiveCfg = Debug|Any CPU
		{B7428BFE-9AC1-474D-BF58-0CFE1FB5BC9E}.Debug|Mixed Platforms.Build.0 = Debug|Any CPU
		{B7428BFE-9AC1-474D-BF58-0CFE1FB5BC9E}.Debug|x64.ActiveCfg = Debug|Any CPU
		{B7428BFE-9AC1-474D-BF58-0CFE1FB5BC9E}.Debug|x64.Build.0 = Debug|Any CPU
		{B7428BFE-9AC1-474D-BF58-0CFE1FB5BC9E}.Debug|x86.ActiveCfg = Debug|Any CPU
		{B7428BFE-9AC1-474D-BF58-0CFE1FB5BC9E}.Debug|x86.Build.0 = Debug|Any CPU
		{B7428BFE-9AC1-474D-BF58-0CFE1FB5BC9E}.Release|Any CPU.ActiveCfg = Release|Any CPU
		{B7428BFE-9AC1-474D-BF58-0CFE1FB5BC9E}.Release|Any CPU.Build.0 = Release|Any CPU
		{B7428BFE-9AC1-474D-BF58-0CFE1FB5BC9E}.Release|ARM.ActiveCfg = Release|Any CPU
		{B7428BFE-9AC1-474D-BF58-0CFE1FB5BC9E}.Release|ARM.Build.0 = Release|Any CPU
		{B7428BFE-9AC1-474D-BF58-0CFE1FB5BC9E}.Release|Mixed Platforms.ActiveCfg = Release|Any CPU
		{B7428BFE-9AC1-474D-BF58-0CFE1FB5BC9E}.Release|Mixed Platforms.Build.0 = Release|Any CPU
		{B7428BFE-9AC1-474D-BF58-0CFE1FB5BC9E}.Release|x64.ActiveCfg = Release|Any CPU
		{B7428BFE-9AC1-474D-BF58-0CFE1FB5BC9E}.Release|x64.Build.0 = Release|Any CPU
		{B7428BFE-9AC1-474D-BF58-0CFE1FB5BC9E}.Release|x86.ActiveCfg = Release|Any CPU
		{B7428BFE-9AC1-474D-BF58-0CFE1FB5BC9E}.Release|x86.Build.0 = Release|Any CPU
		{9F0DC299-BC23-4FDF-B5F1-B04662811047}.Debug|Any CPU.ActiveCfg = Debug|Win32
		{9F0DC299-BC23-4FDF-B5F1-B04662811047}.Debug|ARM.ActiveCfg = Debug|Win32
		{9F0DC299-BC23-4FDF-B5F1-B04662811047}.Debug|Mixed Platforms.ActiveCfg = Debug|Win32
		{9F0DC299-BC23-4FDF-B5F1-B04662811047}.Debug|Mixed Platforms.Build.0 = Debug|Win32
		{9F0DC299-BC23-4FDF-B5F1-B04662811047}.Debug|x64.ActiveCfg = Debug|x64
		{9F0DC299-BC23-4FDF-B5F1-B04662811047}.Debug|x64.Build.0 = Debug|x64
		{9F0DC299-BC23-4FDF-B5F1-B04662811047}.Debug|x86.ActiveCfg = Debug|Win32
		{9F0DC299-BC23-4FDF-B5F1-B04662811047}.Debug|x86.Build.0 = Debug|Win32
		{9F0DC299-BC23-4FDF-B5F1-B04662811047}.Release|Any CPU.ActiveCfg = Release|Win32
		{9F0DC299-BC23-4FDF-B5F1-B04662811047}.Release|ARM.ActiveCfg = Release|Win32
		{9F0DC299-BC23-4FDF-B5F1-B04662811047}.Release|Mixed Platforms.ActiveCfg = Release|Win32
		{9F0DC299-BC23-4FDF-B5F1-B04662811047}.Release|Mixed Platforms.Build.0 = Release|Win32
		{9F0DC299-BC23-4FDF-B5F1-B04662811047}.Release|x64.ActiveCfg = Release|x64
		{9F0DC299-BC23-4FDF-B5F1-B04662811047}.Release|x64.Build.0 = Release|x64
		{9F0DC299-BC23-4FDF-B5F1-B04662811047}.Release|x86.ActiveCfg = Release|Win32
		{9F0DC299-BC23-4FDF-B5F1-B04662811047}.Release|x86.Build.0 = Release|Win32
		{9A4D4790-D8FE-4125-9BF7-76E6154DFC89}.Debug|Any CPU.ActiveCfg = Debug|Any CPU
		{9A4D4790-D8FE-4125-9BF7-76E6154DFC89}.Debug|Any CPU.Build.0 = Debug|Any CPU
		{9A4D4790-D8FE-4125-9BF7-76E6154DFC89}.Debug|ARM.ActiveCfg = Debug|Any CPU
		{9A4D4790-D8FE-4125-9BF7-76E6154DFC89}.Debug|ARM.Build.0 = Debug|Any CPU
		{9A4D4790-D8FE-4125-9BF7-76E6154DFC89}.Debug|Mixed Platforms.ActiveCfg = Debug|Any CPU
		{9A4D4790-D8FE-4125-9BF7-76E6154DFC89}.Debug|Mixed Platforms.Build.0 = Debug|Any CPU
		{9A4D4790-D8FE-4125-9BF7-76E6154DFC89}.Debug|x64.ActiveCfg = Debug|Any CPU
		{9A4D4790-D8FE-4125-9BF7-76E6154DFC89}.Debug|x64.Build.0 = Debug|Any CPU
		{9A4D4790-D8FE-4125-9BF7-76E6154DFC89}.Debug|x86.ActiveCfg = Debug|Any CPU
		{9A4D4790-D8FE-4125-9BF7-76E6154DFC89}.Debug|x86.Build.0 = Debug|Any CPU
		{9A4D4790-D8FE-4125-9BF7-76E6154DFC89}.Release|Any CPU.ActiveCfg = Release|Any CPU
		{9A4D4790-D8FE-4125-9BF7-76E6154DFC89}.Release|Any CPU.Build.0 = Release|Any CPU
		{9A4D4790-D8FE-4125-9BF7-76E6154DFC89}.Release|ARM.ActiveCfg = Release|Any CPU
		{9A4D4790-D8FE-4125-9BF7-76E6154DFC89}.Release|ARM.Build.0 = Release|Any CPU
		{9A4D4790-D8FE-4125-9BF7-76E6154DFC89}.Release|Mixed Platforms.ActiveCfg = Release|Any CPU
		{9A4D4790-D8FE-4125-9BF7-76E6154DFC89}.Release|Mixed Platforms.Build.0 = Release|Any CPU
		{9A4D4790-D8FE-4125-9BF7-76E6154DFC89}.Release|x64.ActiveCfg = Release|Any CPU
		{9A4D4790-D8FE-4125-9BF7-76E6154DFC89}.Release|x64.Build.0 = Release|Any CPU
		{9A4D4790-D8FE-4125-9BF7-76E6154DFC89}.Release|x86.ActiveCfg = Release|Any CPU
		{9A4D4790-D8FE-4125-9BF7-76E6154DFC89}.Release|x86.Build.0 = Release|Any CPU
	EndGlobalSection
	GlobalSection(SolutionProperties) = preSolution
		HideSolutionNode = FALSE
	EndGlobalSection
	GlobalSection(NestedProjects) = preSolution
		{AEABB0B1-A523-4E53-8302-2389CA4B1B36} = {B94D1A3F-35FF-4365-AE9F-144B5294440C}
		{5217DEEC-8F0B-4C9D-90AB-977DB668FC04} = {B94D1A3F-35FF-4365-AE9F-144B5294440C}
		{FE54A8EF-760D-4406-99E3-C5ED664A85DF} = {B94D1A3F-35FF-4365-AE9F-144B5294440C}
		{67938277-6B25-40E0-977D-7C34B9031923} = {B94D1A3F-35FF-4365-AE9F-144B5294440C}
		{6A9EB722-2907-44A7-A556-B99A1704EA50} = {2D97F5C5-C02F-4A5C-9817-2908F01A162F}
		{B7428BFE-9AC1-474D-BF58-0CFE1FB5BC9E} = {2D97F5C5-C02F-4A5C-9817-2908F01A162F}
		{9F0DC299-BC23-4FDF-B5F1-B04662811047} = {2D97F5C5-C02F-4A5C-9817-2908F01A162F}
		{9A4D4790-D8FE-4125-9BF7-76E6154DFC89} = {A43555B0-DDDD-4528-936B-150A36A57331}
	EndGlobalSection
	GlobalSection(ExtensibilityGlobals) = postSolution
		SolutionGuid = {0FF6FB45-38AC-4ABD-B2D6-13710E7AD2A8}
	EndGlobalSection
EndGlobal
