
Microsoft Visual Studio Solution File, Format Version 12.00
# Visual Studio Version 17
VisualStudioVersion = 17.0.31710.8
MinimumVisualStudioVersion = 10.0.40219.1
Project("{2150E333-8FDC-42A3-9474-1A3956D46DE8}") = "NewInCSharp", "NewInCSharp", "{85A701CF-D70F-427C-931E-8B8E0F16F648}"
EndProject
Project("{FAE04EC0-301F-11D3-BF4B-00C04F79EFBC}") = "CS10", "CS10\CS10.csproj", "{C34D1E28-3F9E-423C-A7F5-D8970D474716}"
EndProject
Project("{FAE04EC0-301F-11D3-BF4B-00C04F79EFBC}") = "CodeAnalysis", "CodeAnalysis\CodeAnalysis.csproj", "{B8560E20-5162-4BF4-8C14-866F6042A778}"
EndProject
Global
	GlobalSection(SolutionConfigurationPlatforms) = preSolution
		Debug|Any CPU = Debug|Any CPU
		Release|Any CPU = Release|Any CPU
	EndGlobalSection
	GlobalSection(ProjectConfigurationPlatforms) = postSolution
		{C34D1E28-3F9E-423C-A7F5-D8970D474716}.Debug|Any CPU.ActiveCfg = Debug|Any CPU
		{C34D1E28-3F9E-423C-A7F5-D8970D474716}.Debug|Any CPU.Build.0 = Debug|Any CPU
		{C34D1E28-3F9E-423C-A7F5-D8970D474716}.Release|Any CPU.ActiveCfg = Release|Any CPU
		{C34D1E28-3F9E-423C-A7F5-D8970D474716}.Release|Any CPU.Build.0 = Release|Any CPU
		{B8560E20-5162-4BF4-8C14-866F6042A778}.Debug|Any CPU.ActiveCfg = Debug|Any CPU
		{B8560E20-5162-4BF4-8C14-866F6042A778}.Debug|Any CPU.Build.0 = Debug|Any CPU
		{B8560E20-5162-4BF4-8C14-866F6042A778}.Release|Any CPU.ActiveCfg = Release|Any CPU
		{B8560E20-5162-4BF4-8C14-866F6042A778}.Release|Any CPU.Build.0 = Release|Any CPU
	EndGlobalSection
	GlobalSection(SolutionProperties) = preSolution
		HideSolutionNode = FALSE
	EndGlobalSection
	GlobalSection(ExtensibilityGlobals) = postSolution
		SolutionGuid = {769BDCBC-6467-40BE-960F-EFD0A2113EDF}
	EndGlobalSection
	GlobalSection(NestedProjects) = preSolution
		{C34D1E28-3F9E-423C-A7F5-D8970D474716} = {85A701CF-D70F-427C-931E-8B8E0F16F648}
		{B8560E20-5162-4BF4-8C14-866F6042A778} = {85A701CF-D70F-427C-931E-8B8E0F16F648}
	EndGlobalSection
EndGlobal
