Microsoft Visual Studio Solution File, Format Version 12.00
# Visual Studio 15
VisualStudioVersion = 15.0.27130.2036
MinimumVisualStudioVersion = 10.0.40219.1
Project("{FAE04EC0-301F-11D3-BF4B-00C04F79EFBC}") = "ReSharper101CSharp", "ReSharper101CSharp\ReSharper101CSharp.csproj", "{12A1F12D-9879-4301-BD7D-766399745BA7}"
EndProject
Project("{2150E333-8FDC-42A3-9474-1A3956D46DE8}") = "ReSharper 10.1", "ReSharper 10.1", "{A67D8224-EC2A-4A79-AE19-3778AAF4FC6E}"
EndProject
Project("{FAE04EC0-301F-11D3-BF4B-00C04F79EFBC}") = "ReSharper101WCF", "ReSharper101WCF\ReSharper101WCF.csproj", "{BBFC928C-0760-465C-A4D5-998804FBB4C3}"
EndProject
Project("{8BC9CEB8-8B4A-11D0-8D11-00A0C91BC942}") = "ReSharper101Cpp", "ReSharper101Cpp\ReSharper101Cpp.vcxproj", "{8DFE18D5-AE3B-4831-A31E-2DDF487FBEDF}"
EndProject
Project("{FAE04EC0-301F-11D3-BF4B-00C04F79EFBC}") = "ReSharper101TypeScript", "ReSharper101TypeScript\ReSharper101TypeScript.csproj", "{3D176C36-80F8-431C-943A-83482C5159EB}"
EndProject
Project("{9092AA53-FB77-4645-B42D-1CCCA6BD08BD}") = "ReSharper101NodeJsExpress", "ReSharper101NodeJsExpress\ReSharper101NodeJsExpress.njsproj", "{F943F566-0922-4709-9EE9-EF3FD7EEC085}"
EndProject
Project("{2150E333-8FDC-42A3-9474-1A3956D46DE8}") = "Common", "Common", "{E6E23D78-5D0F-4054-9A1E-FAD68834A6DA}"
	ProjectSection(SolutionItems) = preProject
		README.md = README.md
	EndProjectSection
EndProject
Global
	GlobalSection(SolutionConfigurationPlatforms) = preSolution
		Debug|Any CPU = Debug|Any CPU
		Debug|ARM = Debug|ARM
		Debug|Mixed Platforms = Debug|Mixed Platforms
		Debug|x64 = Debug|x64
		Debug|x86 = Debug|x86
		Release|Any CPU = Release|Any CPU
		Release|ARM = Release|ARM
		Release|Mixed Platforms = Release|Mixed Platforms
		Release|x64 = Release|x64
		Release|x86 = Release|x86
	EndGlobalSection
	GlobalSection(ProjectConfigurationPlatforms) = postSolution
		{12A1F12D-9879-4301-BD7D-766399745BA7}.Debug|Any CPU.ActiveCfg = Debug|Any CPU
		{12A1F12D-9879-4301-BD7D-766399745BA7}.Debug|Any CPU.Build.0 = Debug|Any CPU
		{12A1F12D-9879-4301-BD7D-766399745BA7}.Debug|ARM.ActiveCfg = Debug|Any CPU
		{12A1F12D-9879-4301-BD7D-766399745BA7}.Debug|ARM.Build.0 = Debug|Any CPU
		{12A1F12D-9879-4301-BD7D-766399745BA7}.Debug|Mixed Platforms.ActiveCfg = Debug|Any CPU
		{12A1F12D-9879-4301-BD7D-766399745BA7}.Debug|Mixed Platforms.Build.0 = Debug|Any CPU
		{12A1F12D-9879-4301-BD7D-766399745BA7}.Debug|x64.ActiveCfg = Debug|Any CPU
		{12A1F12D-9879-4301-BD7D-766399745BA7}.Debug|x64.Build.0 = Debug|Any CPU
		{12A1F12D-9879-4301-BD7D-766399745BA7}.Debug|x86.ActiveCfg = Debug|Any CPU
		{12A1F12D-9879-4301-BD7D-766399745BA7}.Debug|x86.Build.0 = Debug|Any CPU
		{12A1F12D-9879-4301-BD7D-766399745BA7}.Release|Any CPU.ActiveCfg = Release|Any CPU
		{12A1F12D-9879-4301-BD7D-766399745BA7}.Release|Any CPU.Build.0 = Release|Any CPU
		{12A1F12D-9879-4301-BD7D-766399745BA7}.Release|ARM.ActiveCfg = Release|Any CPU
		{12A1F12D-9879-4301-BD7D-766399745BA7}.Release|ARM.Build.0 = Release|Any CPU
		{12A1F12D-9879-4301-BD7D-766399745BA7}.Release|Mixed Platforms.ActiveCfg = Release|Any CPU
		{12A1F12D-9879-4301-BD7D-766399745BA7}.Release|Mixed Platforms.Build.0 = Release|Any CPU
		{12A1F12D-9879-4301-BD7D-766399745BA7}.Release|x64.ActiveCfg = Release|Any CPU
		{12A1F12D-9879-4301-BD7D-766399745BA7}.Release|x64.Build.0 = Release|Any CPU
		{12A1F12D-9879-4301-BD7D-766399745BA7}.Release|x86.ActiveCfg = Release|Any CPU
		{12A1F12D-9879-4301-BD7D-766399745BA7}.Release|x86.Build.0 = Release|Any CPU
		{BBFC928C-0760-465C-A4D5-998804FBB4C3}.Debug|Any CPU.ActiveCfg = Debug|Any CPU
		{BBFC928C-0760-465C-A4D5-998804FBB4C3}.Debug|Any CPU.Build.0 = Debug|Any CPU
		{BBFC928C-0760-465C-A4D5-998804FBB4C3}.Debug|ARM.ActiveCfg = Debug|Any CPU
		{BBFC928C-0760-465C-A4D5-998804FBB4C3}.Debug|ARM.Build.0 = Debug|Any CPU
		{BBFC928C-0760-465C-A4D5-998804FBB4C3}.Debug|Mixed Platforms.ActiveCfg = Debug|Any CPU
		{BBFC928C-0760-465C-A4D5-998804FBB4C3}.Debug|Mixed Platforms.Build.0 = Debug|Any CPU
		{BBFC928C-0760-465C-A4D5-998804FBB4C3}.Debug|x64.ActiveCfg = Debug|Any CPU
		{BBFC928C-0760-465C-A4D5-998804FBB4C3}.Debug|x64.Build.0 = Debug|Any CPU
		{BBFC928C-0760-465C-A4D5-998804FBB4C3}.Debug|x86.ActiveCfg = Debug|Any CPU
		{BBFC928C-0760-465C-A4D5-998804FBB4C3}.Debug|x86.Build.0 = Debug|Any CPU
		{BBFC928C-0760-465C-A4D5-998804FBB4C3}.Release|Any CPU.ActiveCfg = Release|Any CPU
		{BBFC928C-0760-465C-A4D5-998804FBB4C3}.Release|Any CPU.Build.0 = Release|Any CPU
		{BBFC928C-0760-465C-A4D5-998804FBB4C3}.Release|ARM.ActiveCfg = Release|Any CPU
		{BBFC928C-0760-465C-A4D5-998804FBB4C3}.Release|ARM.Build.0 = Release|Any CPU
		{BBFC928C-0760-465C-A4D5-998804FBB4C3}.Release|Mixed Platforms.ActiveCfg = Release|Any CPU
		{BBFC928C-0760-465C-A4D5-998804FBB4C3}.Release|Mixed Platforms.Build.0 = Release|Any CPU
		{BBFC928C-0760-465C-A4D5-998804FBB4C3}.Release|x64.ActiveCfg = Release|Any CPU
		{BBFC928C-0760-465C-A4D5-998804FBB4C3}.Release|x64.Build.0 = Release|Any CPU
		{BBFC928C-0760-465C-A4D5-998804FBB4C3}.Release|x86.ActiveCfg = Release|Any CPU
		{BBFC928C-0760-465C-A4D5-998804FBB4C3}.Release|x86.Build.0 = Release|Any CPU
		{8DFE18D5-AE3B-4831-A31E-2DDF487FBEDF}.Debug|Any CPU.ActiveCfg = Debug|Win32
		{8DFE18D5-AE3B-4831-A31E-2DDF487FBEDF}.Debug|ARM.ActiveCfg = Debug|Win32
		{8DFE18D5-AE3B-4831-A31E-2DDF487FBEDF}.Debug|Mixed Platforms.ActiveCfg = Debug|Win32
		{8DFE18D5-AE3B-4831-A31E-2DDF487FBEDF}.Debug|Mixed Platforms.Build.0 = Debug|Win32
		{8DFE18D5-AE3B-4831-A31E-2DDF487FBEDF}.Debug|x64.ActiveCfg = Debug|x64
		{8DFE18D5-AE3B-4831-A31E-2DDF487FBEDF}.Debug|x64.Build.0 = Debug|x64
		{8DFE18D5-AE3B-4831-A31E-2DDF487FBEDF}.Debug|x86.ActiveCfg = Debug|Win32
		{8DFE18D5-AE3B-4831-A31E-2DDF487FBEDF}.Debug|x86.Build.0 = Debug|Win32
		{8DFE18D5-AE3B-4831-A31E-2DDF487FBEDF}.Release|Any CPU.ActiveCfg = Release|Win32
		{8DFE18D5-AE3B-4831-A31E-2DDF487FBEDF}.Release|ARM.ActiveCfg = Release|Win32
		{8DFE18D5-AE3B-4831-A31E-2DDF487FBEDF}.Release|Mixed Platforms.ActiveCfg = Release|Win32
		{8DFE18D5-AE3B-4831-A31E-2DDF487FBEDF}.Release|Mixed Platforms.Build.0 = Release|Win32
		{8DFE18D5-AE3B-4831-A31E-2DDF487FBEDF}.Release|x64.ActiveCfg = Release|x64
		{8DFE18D5-AE3B-4831-A31E-2DDF487FBEDF}.Release|x64.Build.0 = Release|x64
		{8DFE18D5-AE3B-4831-A31E-2DDF487FBEDF}.Release|x86.ActiveCfg = Release|Win32
		{8DFE18D5-AE3B-4831-A31E-2DDF487FBEDF}.Release|x86.Build.0 = Release|Win32
		{3D176C36-80F8-431C-943A-83482C5159EB}.Debug|Any CPU.ActiveCfg = Debug|Any CPU
		{3D176C36-80F8-431C-943A-83482C5159EB}.Debug|Any CPU.Build.0 = Debug|Any CPU
		{3D176C36-80F8-431C-943A-83482C5159EB}.Debug|ARM.ActiveCfg = Debug|Any CPU
		{3D176C36-80F8-431C-943A-83482C5159EB}.Debug|ARM.Build.0 = Debug|Any CPU
		{3D176C36-80F8-431C-943A-83482C5159EB}.Debug|Mixed Platforms.ActiveCfg = Debug|Any CPU
		{3D176C36-80F8-431C-943A-83482C5159EB}.Debug|Mixed Platforms.Build.0 = Debug|Any CPU
		{3D176C36-80F8-431C-943A-83482C5159EB}.Debug|x64.ActiveCfg = Debug|Any CPU
		{3D176C36-80F8-431C-943A-83482C5159EB}.Debug|x64.Build.0 = Debug|Any CPU
		{3D176C36-80F8-431C-943A-83482C5159EB}.Debug|x86.ActiveCfg = Debug|Any CPU
		{3D176C36-80F8-431C-943A-83482C5159EB}.Debug|x86.Build.0 = Debug|Any CPU
		{3D176C36-80F8-431C-943A-83482C5159EB}.Release|Any CPU.ActiveCfg = Release|Any CPU
		{3D176C36-80F8-431C-943A-83482C5159EB}.Release|Any CPU.Build.0 = Release|Any CPU
		{3D176C36-80F8-431C-943A-83482C5159EB}.Release|ARM.ActiveCfg = Release|Any CPU
		{3D176C36-80F8-431C-943A-83482C5159EB}.Release|ARM.Build.0 = Release|Any CPU
		{3D176C36-80F8-431C-943A-83482C5159EB}.Release|Mixed Platforms.ActiveCfg = Release|Any CPU
		{3D176C36-80F8-431C-943A-83482C5159EB}.Release|Mixed Platforms.Build.0 = Release|Any CPU
		{3D176C36-80F8-431C-943A-83482C5159EB}.Release|x64.ActiveCfg = Release|Any CPU
		{3D176C36-80F8-431C-943A-83482C5159EB}.Release|x64.Build.0 = Release|Any CPU
		{3D176C36-80F8-431C-943A-83482C5159EB}.Release|x86.ActiveCfg = Release|Any CPU
		{3D176C36-80F8-431C-943A-83482C5159EB}.Release|x86.Build.0 = Release|Any CPU
		{F943F566-0922-4709-9EE9-EF3FD7EEC085}.Debug|Any CPU.ActiveCfg = Debug|Any CPU
		{F943F566-0922-4709-9EE9-EF3FD7EEC085}.Debug|Any CPU.Build.0 = Debug|Any CPU
		{F943F566-0922-4709-9EE9-EF3FD7EEC085}.Debug|ARM.ActiveCfg = Debug|Any CPU
		{F943F566-0922-4709-9EE9-EF3FD7EEC085}.Debug|ARM.Build.0 = Debug|Any CPU
		{F943F566-0922-4709-9EE9-EF3FD7EEC085}.Debug|Mixed Platforms.ActiveCfg = Debug|Any CPU
		{F943F566-0922-4709-9EE9-EF3FD7EEC085}.Debug|x64.ActiveCfg = Debug|Any CPU
		{F943F566-0922-4709-9EE9-EF3FD7EEC085}.Debug|x64.Build.0 = Debug|Any CPU
		{F943F566-0922-4709-9EE9-EF3FD7EEC085}.Debug|x86.ActiveCfg = Debug|Any CPU
		{F943F566-0922-4709-9EE9-EF3FD7EEC085}.Debug|x86.Build.0 = Debug|Any CPU
		{F943F566-0922-4709-9EE9-EF3FD7EEC085}.Release|Any CPU.ActiveCfg = Release|Any CPU
		{F943F566-0922-4709-9EE9-EF3FD7EEC085}.Release|Any CPU.Build.0 = Release|Any CPU
		{F943F566-0922-4709-9EE9-EF3FD7EEC085}.Release|ARM.ActiveCfg = Release|Any CPU
		{F943F566-0922-4709-9EE9-EF3FD7EEC085}.Release|ARM.Build.0 = Release|Any CPU
		{F943F566-0922-4709-9EE9-EF3FD7EEC085}.Release|Mixed Platforms.ActiveCfg = Release|Any CPU
		{F943F566-0922-4709-9EE9-EF3FD7EEC085}.Release|x64.ActiveCfg = Release|Any CPU
		{F943F566-0922-4709-9EE9-EF3FD7EEC085}.Release|x64.Build.0 = Release|Any CPU
		{F943F566-0922-4709-9EE9-EF3FD7EEC085}.Release|x86.ActiveCfg = Release|Any CPU
		{F943F566-0922-4709-9EE9-EF3FD7EEC085}.Release|x86.Build.0 = Release|Any CPU
	EndGlobalSection
	GlobalSection(SolutionProperties) = preSolution
		HideSolutionNode = FALSE
	EndGlobalSection
	GlobalSection(NestedProjects) = preSolution
		{12A1F12D-9879-4301-BD7D-766399745BA7} = {A67D8224-EC2A-4A79-AE19-3778AAF4FC6E}
		{BBFC928C-0760-465C-A4D5-998804FBB4C3} = {A67D8224-EC2A-4A79-AE19-3778AAF4FC6E}
		{8DFE18D5-AE3B-4831-A31E-2DDF487FBEDF} = {A67D8224-EC2A-4A79-AE19-3778AAF4FC6E}
		{3D176C36-80F8-431C-943A-83482C5159EB} = {A67D8224-EC2A-4A79-AE19-3778AAF4FC6E}
		{F943F566-0922-4709-9EE9-EF3FD7EEC085} = {A67D8224-EC2A-4A79-AE19-3778AAF4FC6E}
	EndGlobalSection
	GlobalSection(ExtensibilityGlobals) = postSolution
		SolutionGuid = {0FF6FB45-38AC-4ABD-B2D6-13710E7AD2A8}
	EndGlobalSection
EndGlobal
